// !$*UTF8*$!
{
	archiveVersion = 1;
	classes = {
	};
	objectVersion = 77;
	objects = {

/* Begin PBXBuildFile section */
		FB40838F2F703C0D00993DF0 /* README.md in Resources */ = {isa = PBXBuildFile; fileRef = FB40838E2F703C0100993DF0 /* README.md */; };
		FB419C212F6B1C3B00A30AF9 /* CalculatorComponents.swift in Sources */ = {isa = PBXBuildFile; fileRef = FB419C202F6B1C3B00A30AF9 /* CalculatorComponents.swift */; };
		FB419C242F6C1BA700A30AF9 /* CreditCardPageView.swift in Sources */ = {isa = PBXBuildFile; fileRef = FB419C232F6C1BA700A30AF9 /* CreditCardPageView.swift */; };
		FB6BC0C02F70F45E0011877D /* CloudBackupView.swift in Sources */ = {isa = PBXBuildFile; fileRef = FB6BC0BF2F70F45E0011877D /* CloudBackupView.swift */; };
		FB6BC0C22F70F4DC0011877D /* CloudBackupService.swift in Sources */ = {isa = PBXBuildFile; fileRef = FB6BC0C12F70F4DC0011877D /* CloudBackupService.swift */; };
		FB802BD72F71B84A008F0C83 /* airports.csv in Resources */ = {isa = PBXBuildFile; fileRef = FB802BD62F71B84A008F0C83 /* airports.csv */; };
		FBCA10212F70000100A1B2C3 /* RedeemedTicket.swift in Sources */ = {isa = PBXBuildFile; fileRef = FBCA10202F70000100A1B2C3 /* RedeemedTicket.swift */; };
		FBCA10232F70000200A1B2C3 /* MilestonesView.swift in Sources */ = {isa = PBXBuildFile; fileRef = FBCA10222F70000200A1B2C3 /* MilestonesView.swift */; };
		FBF2F7CB2F6D333F0047DCE8 /* EditTransactionView.swift in Sources */ = {isa = PBXBuildFile; fileRef = FBF2F7CA2F6D333F0047DCE8 /* EditTransactionView.swift */; };
		FBF89DAE2F6AC2EE003DB1EB /* Assets.xcassets in Resources */ = {isa = PBXBuildFile; fileRef = FBF89D962F6AC2EE003DB1EB /* Assets.xcassets */; };
		FBF89DB02F6AC2EE003DB1EB /* CalculatorLedgerView.swift in Sources */ = {isa = PBXBuildFile; fileRef = FBF89DA42F6AC2EE003DB1EB /* CalculatorLedgerView.swift */; };
		FBF89DB12F6AC2EE003DB1EB /* ProgressView.swift in Sources */ = {isa = PBXBuildFile; fileRef = FBF89DA92F6AC2EE003DB1EB /* ProgressView.swift */; };
		FBF89DB22F6AC2EE003DB1EB /* MileryApp.swift in Sources */ = {isa = PBXBuildFile; fileRef = FBF89D942F6AC2EE003DB1EB /* MileryApp.swift */; };
		FBF89DB32F6AC2EE003DB1EB /* MainTabView.swift in Sources */ = {isa = PBXBuildFile; fileRef = FBF89DA82F6AC2EE003DB1EB /* MainTabView.swift */; };
		FBF89DB42F6AC2EE003DB1EB /* MileageAccount.swift in Sources */ = {isa = PBXBuildFile; fileRef = FBF89D9E2F6AC2EE003DB1EB /* MileageAccount.swift */; };
		FBF89DB52F6AC2EE003DB1EB /* Transaction.swift in Sources */ = {isa = PBXBuildFile; fileRef = FBF89D9F2F6AC2EE003DB1EB /* Transaction.swift */; };
		FBF89DB62F6AC2EE003DB1EB /* CreditCardRule.swift in Sources */ = {isa = PBXBuildFile; fileRef = FBF89D9C2F6AC2EE003DB1EB /* CreditCardRule.swift */; };
		FBF89DB82F6AC2EE003DB1EB /* DashboardView.swift in Sources */ = {isa = PBXBuildFile; fileRef = FBF89DA62F6AC2EE003DB1EB /* DashboardView.swift */; };
		FBF89DB92F6AC2EE003DB1EB /* AirportDatabase.swift in Sources */ = {isa = PBXBuildFile; fileRef = FBF89D982F6AC2EE003DB1EB /* AirportDatabase.swift */; };
		FBF89DBA2F6AC2EE003DB1EB /* CathayAwardChart.swift in Sources */ = {isa = PBXBuildFile; fileRef = FBF89D9A2F6AC2EE003DB1EB /* CathayAwardChart.swift */; };
		FBF89DBB2F6AC2EE003DB1EB /* FlightGoal.swift in Sources */ = {isa = PBXBuildFile; fileRef = FBF89D9D2F6AC2EE003DB1EB /* FlightGoal.swift */; };
		FBF89DBC2F6AC2EE003DB1EB /* MileageViewModel.swift in Sources */ = {isa = PBXBuildFile; fileRef = FBF89DA12F6AC2EE003DB1EB /* MileageViewModel.swift */; };
		FBF89DBD2F6AC2EE003DB1EB /* AviationTheme.swift in Sources */ = {isa = PBXBuildFile; fileRef = FBF89D972F6AC2EE003DB1EB /* AviationTheme.swift */; };
		FBF89DBE2F6AC2EE003DB1EB /* LedgerView.swift in Sources */ = {isa = PBXBuildFile; fileRef = FBF89DA72F6AC2EE003DB1EB /* LedgerView.swift */; };
		FBF89DBF2F6AC2EE003DB1EB /* SettingsView.swift in Sources */ = {isa = PBXBuildFile; fileRef = FBF89DAA2F6AC2EE003DB1EB /* SettingsView.swift */; };
		FBF89DC02F6AC2EE003DB1EB /* AllGoalsView.swift in Sources */ = {isa = PBXBuildFile; fileRef = FBF89DA32F6AC2EE003DB1EB /* AllGoalsView.swift */; };
/* End PBXBuildFile section */

/* Begin PBXFileReference section */
		FB40838E2F703C0100993DF0 /* README.md */ = {isa = PBXFileReference; lastKnownFileType = net.daringfireball.markdown; path = README.md; sourceTree = "<group>"; };
		FB419C202F6B1C3B00A30AF9 /* CalculatorComponents.swift */ = {isa = PBXFileReference; lastKnownFileType = sourcecode.swift; path = CalculatorComponents.swift; sourceTree = "<group>"; };
		FB419C232F6C1BA700A30AF9 /* CreditCardPageView.swift */ = {isa = PBXFileReference; lastKnownFileType = sourcecode.swift; path = CreditCardPageView.swift; sourceTree = "<group>"; };
		FB6BC0BF2F70F45E0011877D /* CloudBackupView.swift */ = {isa = PBXFileReference; lastKnownFileType = sourcecode.swift; path = CloudBackupView.swift; sourceTree = "<group>"; };
		FB6BC0C12F70F4DC0011877D /* CloudBackupService.swift */ = {isa = PBXFileReference; lastKnownFileType = sourcecode.swift; path = CloudBackupService.swift; sourceTree = "<group>"; };
		FB6BC0C42F70FCF20011877D /* milery.entitlements */ = {isa = PBXFileReference; lastKnownFileType = text.plist.entitlements; path = milery.entitlements; sourceTree = "<group>"; };
		FB802BD12F71B109008F0C83 /* milery.app */ = {isa = PBXFileReference; explicitFileType = wrapper.application; includeInIndex = 0; path = milery.app; sourceTree = BUILT_PRODUCTS_DIR; };
		FB802BD62F71B84A008F0C83 /* airports.csv */ = {isa = PBXFileReference; lastKnownFileType = text; path = airports.csv; sourceTree = "<group>"; };
		FBCA10202F70000100A1B2C3 /* RedeemedTicket.swift */ = {isa = PBXFileReference; lastKnownFileType = sourcecode.swift; path = RedeemedTicket.swift; sourceTree = "<group>"; };
		FBCA10222F70000200A1B2C3 /* MilestonesView.swift */ = {isa = PBXFileReference; lastKnownFileType = sourcecode.swift; path = MilestonesView.swift; sourceTree = "<group>"; };
		FBF2F7CA2F6D333F0047DCE8 /* EditTransactionView.swift */ = {isa = PBXFileReference; lastKnownFileType = sourcecode.swift; path = EditTransactionView.swift; sourceTree = "<group>"; };
		FBF89D942F6AC2EE003DB1EB /* MileryApp.swift */ = {isa = PBXFileReference; lastKnownFileType = sourcecode.swift; path = MileryApp.swift; sourceTree = "<group>"; };
		FBF89D962F6AC2EE003DB1EB /* Assets.xcassets */ = {isa = PBXFileReference; lastKnownFileType = folder.assetcatalog; path = Assets.xcassets; sourceTree = "<group>"; };
		FBF89D972F6AC2EE003DB1EB /* AviationTheme.swift */ = {isa = PBXFileReference; lastKnownFileType = sourcecode.swift; path = AviationTheme.swift; sourceTree = "<group>"; };
		FBF89D982F6AC2EE003DB1EB /* AirportDatabase.swift */ = {isa = PBXFileReference; lastKnownFileType = sourcecode.swift; path = AirportDatabase.swift; sourceTree = "<group>"; };
		FBF89D9A2F6AC2EE003DB1EB /* CathayAwardChart.swift */ = {isa = PBXFileReference; lastKnownFileType = sourcecode.swift; path = CathayAwardChart.swift; sourceTree = "<group>"; };
		FBF89D9C2F6AC2EE003DB1EB /* CreditCardRule.swift */ = {isa = PBXFileReference; lastKnownFileType = sourcecode.swift; path = CreditCardRule.swift; sourceTree = "<group>"; };
		FBF89D9D2F6AC2EE003DB1EB /* FlightGoal.swift */ = {isa = PBXFileReference; lastKnownFileType = sourcecode.swift; path = FlightGoal.swift; sourceTree = "<group>"; };
		FBF89D9E2F6AC2EE003DB1EB /* MileageAccount.swift */ = {isa = PBXFileReference; lastKnownFileType = sourcecode.swift; path = MileageAccount.swift; sourceTree = "<group>"; };
		FBF89D9F2F6AC2EE003DB1EB /* Transaction.swift */ = {isa = PBXFileReference; lastKnownFileType = sourcecode.swift; path = Transaction.swift; sourceTree = "<group>"; };
		FBF89DA12F6AC2EE003DB1EB /* MileageViewModel.swift */ = {isa = PBXFileReference; lastKnownFileType = sourcecode.swift; path = MileageViewModel.swift; sourceTree = "<group>"; };
		FBF89DA32F6AC2EE003DB1EB /* AllGoalsView.swift */ = {isa = PBXFileReference; lastKnownFileType = sourcecode.swift; path = AllGoalsView.swift; sourceTree = "<group>"; };
		FBF89DA42F6AC2EE003DB1EB /* CalculatorLedgerView.swift */ = {isa = PBXFileReference; lastKnownFileType = sourcecode.swift; path = CalculatorLedgerView.swift; sourceTree = "<group>"; };
		FBF89DA62F6AC2EE003DB1EB /* DashboardView.swift */ = {isa = PBXFileReference; lastKnownFileType = sourcecode.swift; path = DashboardView.swift; sourceTree = "<group>"; };
		FBF89DA72F6AC2EE003DB1EB /* LedgerView.swift */ = {isa = PBXFileReference; lastKnownFileType = sourcecode.swift; path = LedgerView.swift; sourceTree = "<group>"; };
		FBF89DA82F6AC2EE003DB1EB /* MainTabView.swift */ = {isa = PBXFileReference; lastKnownFileType = sourcecode.swift; path = MainTabView.swift; sourceTree = "<group>"; };
		FBF89DA92F6AC2EE003DB1EB /* ProgressView.swift */ = {isa = PBXFileReference; lastKnownFileType = sourcecode.swift; path = ProgressView.swift; sourceTree = "<group>"; };
		FBF89DAA2F6AC2EE003DB1EB /* SettingsView.swift */ = {isa = PBXFileReference; lastKnownFileType = sourcecode.swift; path = SettingsView.swift; sourceTree = "<group>"; };
/* End PBXFileReference section */

/* Begin PBXFileSystemSynchronizedRootGroup section */
		FB40838B2F6F03DD00993DF0 /* DevViews */ = {
			isa = PBXFileSystemSynchronizedRootGroup;
			path = DevViews;
			sourceTree = "<group>";
		};
/* End PBXFileSystemSynchronizedRootGroup section */

/* Begin PBXFrameworksBuildPhase section */
		FBB3ADD72F67A60600D7ADE3 /* Frameworks */ = {
			isa = PBXFrameworksBuildPhase;
			buildActionMask = 2147483647;
			files = (
			);
			runOnlyForDeploymentPostprocessing = 0;
		};
/* End PBXFrameworksBuildPhase section */

/* Begin PBXGroup section */
		FB6BC0C32F70F5550011877D /* Service */ = {
			isa = PBXGroup;
			children = (
				FB6BC0C12F70F4DC0011877D /* CloudBackupService.swift */,
			);
			path = Service;
			sourceTree = "<group>";
		};
		FBB3ADD12F67A60600D7ADE3 = {
			isa = PBXGroup;
			children = (
				FB6BC0C42F70FCF20011877D /* milery.entitlements */,
				FBF89D942F6AC2EE003DB1EB /* MileryApp.swift */,
				FBF89D962F6AC2EE003DB1EB /* Assets.xcassets */,
				FB40838E2F703C0100993DF0 /* README.md */,
				FBF89D972F6AC2EE003DB1EB /* AviationTheme.swift */,
				FBF89D9B2F6AC2EE003DB1EB /* Database */,
				FBF89DA02F6AC2EE003DB1EB /* Models */,
				FBF89DA22F6AC2EE003DB1EB /* ViewModels */,
				FBF89DAB2F6AC2EE003DB1EB /* Views */,
				FB6BC0C32F70F5550011877D /* Service */,
				FB802BD12F71B109008F0C83 /* milery.app */,
			);
			sourceTree = "<group>";
		};
		FBF89D9B2F6AC2EE003DB1EB /* Database */ = {
			isa = PBXGroup;
			children = (
				FBF89D982F6AC2EE003DB1EB /* AirportDatabase.swift */,
				FB802BD62F71B84A008F0C83 /* airports.csv */,
				FBF89D9A2F6AC2EE003DB1EB /* CathayAwardChart.swift */,
			);
			path = Database;
			sourceTree = "<group>";
		};
		FBF89DA02F6AC2EE003DB1EB /* Models */ = {
			isa = PBXGroup;
			children = (
				FBF89D9C2F6AC2EE003DB1EB /* CreditCardRule.swift */,
				FBF89D9D2F6AC2EE003DB1EB /* FlightGoal.swift */,
				FBF89D9E2F6AC2EE003DB1EB /* MileageAccount.swift */,
				FBCA10202F70000100A1B2C3 /* RedeemedTicket.swift */,
				FBF89D9F2F6AC2EE003DB1EB /* Transaction.swift */,
			);
			path = Models;
			sourceTree = "<group>";
		};
		FBF89DA22F6AC2EE003DB1EB /* ViewModels */ = {
			isa = PBXGroup;
			children = (
				FBF89DA12F6AC2EE003DB1EB /* MileageViewModel.swift */,
			);
			path = ViewModels;
			sourceTree = "<group>";
		};
		FBF89DAB2F6AC2EE003DB1EB /* Views */ = {
			isa = PBXGroup;
			children = (
				FB40838B2F6F03DD00993DF0 /* DevViews */,
				FBF89DA32F6AC2EE003DB1EB /* AllGoalsView.swift */,
				FBF89DA42F6AC2EE003DB1EB /* CalculatorLedgerView.swift */,
				FBF89DA62F6AC2EE003DB1EB /* DashboardView.swift */,
				FBF89DA72F6AC2EE003DB1EB /* LedgerView.swift */,
				FBF89DA82F6AC2EE003DB1EB /* MainTabView.swift */,
				FBCA10222F70000200A1B2C3 /* MilestonesView.swift */,
				FBF89DA92F6AC2EE003DB1EB /* ProgressView.swift */,
				FBF89DAA2F6AC2EE003DB1EB /* SettingsView.swift */,
				FB419C202F6B1C3B00A30AF9 /* CalculatorComponents.swift */,
				FB419C232F6C1BA700A30AF9 /* CreditCardPageView.swift */,
				FBF2F7CA2F6D333F0047DCE8 /* EditTransactionView.swift */,
				FB6BC0BF2F70F45E0011877D /* CloudBackupView.swift */,
			);
			path = Views;
			sourceTree = "<group>";
		};
/* End PBXGroup section */

/* Begin PBXNativeTarget section */
		FBB3ADD92F67A60600D7ADE3 /* milery */ = {
			isa = PBXNativeTarget;
			buildConfigurationList = FBB3ADE52F67A60700D7ADE3 /* Build configuration list for PBXNativeTarget "milery" */;
			buildPhases = (
				FBB3ADD62F67A60600D7ADE3 /* Sources */,
				FBB3ADD72F67A60600D7ADE3 /* Frameworks */,
				FBB3ADD82F67A60600D7ADE3 /* Resources */,
			);
			buildRules = (
			);
			dependencies = (
			);
			fileSystemSynchronizedGroups = (
				FB40838B2F6F03DD00993DF0 /* DevViews */,
			);
			name = milery;
			packageProductDependencies = (
			);
			productName = "73app-mid";
			productReference = FB802BD12F71B109008F0C83 /* milery.app */;
			productType = "com.apple.product-type.application";
		};
/* End PBXNativeTarget section */

/* Begin PBXProject section */
		FBB3ADD22F67A60600D7ADE3 /* Project object */ = {
			isa = PBXProject;
			attributes = {
				BuildIndependentTargetsInParallel = 1;
				LastSwiftUpdateCheck = 2630;
				LastUpgradeCheck = 2630;
				TargetAttributes = {
					FBB3ADD92F67A60600D7ADE3 = {
						CreatedOnToolsVersion = 26.3;
					};
				};
			};
			buildConfigurationList = FBB3ADD52F67A60600D7ADE3 /* Build configuration list for PBXProject "milery" */;
			developmentRegion = en;
			hasScannedForEncodings = 0;
			knownRegions = (
				en,
				Base,
			);
			mainGroup = FBB3ADD12F67A60600D7ADE3;
			minimizedProjectReferenceProxies = 1;
			preferredProjectObjectVersion = 77;
			productRefGroup = FBB3ADD12F67A60600D7ADE3;
			projectDirPath = "";
			projectRoot = "";
			targets = (
				FBB3ADD92F67A60600D7ADE3 /* milery */,
			);
		};
/* End PBXProject section */

/* Begin PBXResourcesBuildPhase section */
		FBB3ADD82F67A60600D7ADE3 /* Resources */ = {
			isa = PBXResourcesBuildPhase;
			buildActionMask = 2147483647;
			files = (
				FBF89DAE2F6AC2EE003DB1EB /* Assets.xcassets in Resources */,
				FB40838F2F703C0D00993DF0 /* README.md in Resources */,
				FB802BD72F71B84A008F0C83 /* airports.csv in Resources */,
			);
			runOnlyForDeploymentPostprocessing = 0;
		};
/* End PBXResourcesBuildPhase section */

/* Begin PBXSourcesBuildPhase section */
		FBB3ADD62F67A60600D7ADE3 /* Sources */ = {
			isa = PBXSourcesBuildPhase;
			buildActionMask = 2147483647;
			files = (
				FBF89DB02F6AC2EE003DB1EB /* CalculatorLedgerView.swift in Sources */,
				FBCA10232F70000200A1B2C3 /* MilestonesView.swift in Sources */,
				FBF89DB12F6AC2EE003DB1EB /* ProgressView.swift in Sources */,
				FBF89DB22F6AC2EE003DB1EB /* MileryApp.swift in Sources */,
				FBF2F7CB2F6D333F0047DCE8 /* EditTransactionView.swift in Sources */,
				FB6BC0C22F70F4DC0011877D /* CloudBackupService.swift in Sources */,
				FB419C212F6B1C3B00A30AF9 /* CalculatorComponents.swift in Sources */,
				FB6BC0C02F70F45E0011877D /* CloudBackupView.swift in Sources */,
				FBF89DB32F6AC2EE003DB1EB /* MainTabView.swift in Sources */,
				FBF89DB42F6AC2EE003DB1EB /* MileageAccount.swift in Sources */,
				FBCA10212F70000100A1B2C3 /* RedeemedTicket.swift in Sources */,
				FBF89DB52F6AC2EE003DB1EB /* Transaction.swift in Sources */,
				FBF89DB62F6AC2EE003DB1EB /* CreditCardRule.swift in Sources */,
				FB419C242F6C1BA700A30AF9 /* CreditCardPageView.swift in Sources */,
				FBF89DB82F6AC2EE003DB1EB /* DashboardView.swift in Sources */,
				FBF89DB92F6AC2EE003DB1EB /* AirportDatabase.swift in Sources */,
				FBF89DBA2F6AC2EE003DB1EB /* CathayAwardChart.swift in Sources */,
				FBF89DBB2F6AC2EE003DB1EB /* FlightGoal.swift in Sources */,
				FBF89DBC2F6AC2EE003DB1EB /* MileageViewModel.swift in Sources */,
				FBF89DBD2F6AC2EE003DB1EB /* AviationTheme.swift in Sources */,
				FBF89DBE2F6AC2EE003DB1EB /* LedgerView.swift in Sources */,
				FBF89DBF2F6AC2EE003DB1EB /* SettingsView.swift in Sources */,
				FBF89DC02F6AC2EE003DB1EB /* AllGoalsView.swift in Sources */,
			);
			runOnlyForDeploymentPostprocessing = 0;
		};
/* End PBXSourcesBuildPhase section */

/* Begin XCBuildConfiguration section */
		FBB3ADE32F67A60700D7ADE3 /* Debug */ = {
			isa = XCBuildConfiguration;
			buildSettings = {
				ALWAYS_SEARCH_USER_PATHS = NO;
				ASSETCATALOG_COMPILER_GENERATE_SWIFT_ASSET_SYMBOL_EXTENSIONS = YES;
				CLANG_ANALYZER_NONNULL = YES;
				CLANG_ANALYZER_NUMBER_OBJECT_CONVERSION = YES_AGGRESSIVE;
				CLANG_CXX_LANGUAGE_STANDARD = "gnu++20";
				CLANG_ENABLE_MODULES = YES;
				CLANG_ENABLE_OBJC_ARC = YES;
				CLANG_ENABLE_OBJC_WEAK = YES;
				CLANG_WARN_BLOCK_CAPTURE_AUTORELEASING = YES;
				CLANG_WARN_BOOL_CONVERSION = YES;
				CLANG_WARN_COMMA = YES;
				CLANG_WARN_CONSTANT_CONVERSION = YES;
				CLANG_WARN_DEPRECATED_OBJC_IMPLEMENTATIONS = YES;
				CLANG_WARN_DIRECT_OBJC_ISA_USAGE = YES_ERROR;
				CLANG_WARN_DOCUMENTATION_COMMENTS = YES;
				CLANG_WARN_EMPTY_BODY = YES;
				CLANG_WARN_ENUM_CONVERSION = YES;
				CLANG_WARN_INFINITE_RECURSION = YES;
				CLANG_WARN_INT_CONVERSION = YES;
				CLANG_WARN_NON_LITERAL_NULL_CONVERSION = YES;
				CLANG_WARN_OBJC_IMPLICIT_RETAIN_SELF = YES;
				CLANG_WARN_OBJC_LITERAL_CONVERSION = YES;
				CLANG_WARN_OBJC_ROOT_CLASS = YES_ERROR;
				CLANG_WARN_QUOTED_INCLUDE_IN_FRAMEWORK_HEADER = YES;
				CLANG_WARN_RANGE_LOOP_ANALYSIS = YES;
				CLANG_WARN_STRICT_PROTOTYPES = YES;
				CLANG_WARN_SUSPICIOUS_MOVE = YES;
				CLANG_WARN_UNGUARDED_AVAILABILITY = YES_AGGRESSIVE;
				CLANG_WARN_UNREACHABLE_CODE = YES;
				CLANG_WARN__DUPLICATE_METHOD_MATCH = YES;
				COPY_PHASE_STRIP = NO;
				DEBUG_INFORMATION_FORMAT = dwarf;
				DEVELOPMENT_TEAM = 45SQT63B67;
				ENABLE_STRICT_OBJC_MSGSEND = YES;
				ENABLE_TESTABILITY = YES;
				ENABLE_USER_SCRIPT_SANDBOXING = YES;
				GCC_C_LANGUAGE_STANDARD = gnu17;
				GCC_DYNAMIC_NO_PIC = NO;
				GCC_NO_COMMON_BLOCKS = YES;
				GCC_OPTIMIZATION_LEVEL = 0;
				GCC_PREPROCESSOR_DEFINITIONS = (
					"DEBUG=1",
					"$(inherited)",
				);
				GCC_WARN_64_TO_32_BIT_CONVERSION = YES;
				GCC_WARN_ABOUT_RETURN_TYPE = YES_ERROR;
				GCC_WARN_UNDECLARED_SELECTOR = YES;
				GCC_WARN_UNINITIALIZED_AUTOS = YES_AGGRESSIVE;
				GCC_WARN_UNUSED_FUNCTION = YES;
				GCC_WARN_UNUSED_VARIABLE = YES;
				IPHONEOS_DEPLOYMENT_TARGET = 26.2;
				LOCALIZATION_PREFERS_STRING_CATALOGS = YES;
				MTL_ENABLE_DEBUG_INFO = INCLUDE_SOURCE;
				MTL_FAST_MATH = YES;
				ONLY_ACTIVE_ARCH = YES;
				SDKROOT = iphoneos;
				SWIFT_ACTIVE_COMPILATION_CONDITIONS = "DEBUG $(inherited)";
				SWIFT_OPTIMIZATION_LEVEL = "-Onone";
			};
			name = Debug;
		};
		FBB3ADE42F67A60700D7ADE3 /* Release */ = {
			isa = XCBuildConfiguration;
			buildSettings = {
				ALWAYS_SEARCH_USER_PATHS = NO;
				ASSETCATALOG_COMPILER_GENERATE_SWIFT_ASSET_SYMBOL_EXTENSIONS = YES;
				CLANG_ANALYZER_NONNULL = YES;
				CLANG_ANALYZER_NUMBER_OBJECT_CONVERSION = YES_AGGRESSIVE;
				CLANG_CXX_LANGUAGE_STANDARD = "gnu++20";
				CLANG_ENABLE_MODULES = YES;
				CLANG_ENABLE_OBJC_ARC = YES;
				CLANG_ENABLE_OBJC_WEAK = YES;
				CLANG_WARN_BLOCK_CAPTURE_AUTORELEASING = YES;
				CLANG_WARN_BOOL_CONVERSION = YES;
				CLANG_WARN_COMMA = YES;
				CLANG_WARN_CONSTANT_CONVERSION = YES;
				CLANG_WARN_DEPRECATED_OBJC_IMPLEMENTATIONS = YES;
				CLANG_WARN_DIRECT_OBJC_ISA_USAGE = YES_ERROR;
				CLANG_WARN_DOCUMENTATION_COMMENTS = YES;
				CLANG_WARN_EMPTY_BODY = YES;
				CLANG_WARN_ENUM_CONVERSION = YES;
				CLANG_WARN_INFINITE_RECURSION = YES;
				CLANG_WARN_INT_CONVERSION = YES;
				CLANG_WARN_NON_LITERAL_NULL_CONVERSION = YES;
				CLANG_WARN_OBJC_IMPLICIT_RETAIN_SELF = YES;
				CLANG_WARN_OBJC_LITERAL_CONVERSION = YES;
				CLANG_WARN_OBJC_ROOT_CLASS = YES_ERROR;
				CLANG_WARN_QUOTED_INCLUDE_IN_FRAMEWORK_HEADER = YES;
				CLANG_WARN_RANGE_LOOP_ANALYSIS = YES;
				CLANG_WARN_STRICT_PROTOTYPES = YES;
				CLANG_WARN_SUSPICIOUS_MOVE = YES;
				CLANG_WARN_UNGUARDED_AVAILABILITY = YES_AGGRESSIVE;
				CLANG_WARN_UNREACHABLE_CODE = YES;
				CLANG_WARN__DUPLICATE_METHOD_MATCH = YES;
				COPY_PHASE_STRIP = NO;
				DEBUG_INFORMATION_FORMAT = "dwarf-with-dsym";
				DEVELOPMENT_TEAM = 45SQT63B67;
				ENABLE_NS_ASSERTIONS = NO;
				ENABLE_STRICT_OBJC_MSGSEND = YES;
				ENABLE_USER_SCRIPT_SANDBOXING = YES;
				GCC_C_LANGUAGE_STANDARD = gnu17;
				GCC_NO_COMMON_BLOCKS = YES;
				GCC_WARN_64_TO_32_BIT_CONVERSION = YES;
				GCC_WARN_ABOUT_RETURN_TYPE = YES_ERROR;
				GCC_WARN_UNDECLARED_SELECTOR = YES;
				GCC_WARN_UNINITIALIZED_AUTOS = YES_AGGRESSIVE;
				GCC_WARN_UNUSED_FUNCTION = YES;
				GCC_WARN_UNUSED_VARIABLE = YES;
				IPHONEOS_DEPLOYMENT_TARGET = 26.2;
				LOCALIZATION_PREFERS_STRING_CATALOGS = YES;
				MTL_ENABLE_DEBUG_INFO = NO;
				MTL_FAST_MATH = YES;
				SDKROOT = iphoneos;
				SWIFT_COMPILATION_MODE = wholemodule;
				VALIDATE_PRODUCT = YES;
			};
			name = Release;
		};
		FBB3ADE62F67A60700D7ADE3 /* Debug */ = {
			isa = XCBuildConfiguration;
			buildSettings = {
				ASSETCATALOG_COMPILER_APPICON_NAME = AppIcon;
				ASSETCATALOG_COMPILER_GLOBAL_ACCENT_COLOR_NAME = AccentColor;
				CODE_SIGN_ENTITLEMENTS = milery.entitlements;
				CODE_SIGN_STYLE = Automatic;
				CURRENT_PROJECT_VERSION = 13;
				DEVELOPMENT_TEAM = 45SQT63B67;
				ENABLE_PREVIEWS = YES;
				GENERATE_INFOPLIST_FILE = YES;
				INFOPLIST_KEY_CFBundleDisplayName = Milery;
				INFOPLIST_KEY_LSApplicationCategoryType = "public.app-category.travel";
				INFOPLIST_KEY_UIApplicationSceneManifest_Generation = YES;
				INFOPLIST_KEY_UIApplicationSupportsIndirectInputEvents = YES;
				INFOPLIST_KEY_UILaunchScreen_Generation = YES;
				INFOPLIST_KEY_UISupportedInterfaceOrientations = UIInterfaceOrientationPortrait;
				INFOPLIST_KEY_UISupportedInterfaceOrientations_iPad = "UIInterfaceOrientationLandscapeLeft UIInterfaceOrientationLandscapeRight UIInterfaceOrientationPortrait UIInterfaceOrientationPortraitUpsideDown";
				IPHONEOS_DEPLOYMENT_TARGET = 26.0;
				LD_RUNPATH_SEARCH_PATHS = (
					"$(inherited)",
					"@executable_path/Frameworks",
				);
				MARKETING_VERSION = 0.0.3;
				PRODUCT_BUNDLE_IDENTIFIER = com.73app.milery;
				PRODUCT_NAME = "$(TARGET_NAME)";
				STRING_CATALOG_GENERATE_SYMBOLS = YES;
				SUPPORTED_PLATFORMS = "iphoneos iphonesimulator";
				SUPPORTS_MACCATALYST = NO;
				SWIFT_APPROACHABLE_CONCURRENCY = YES;
				SWIFT_DEFAULT_ACTOR_ISOLATION = MainActor;
				SWIFT_EMIT_LOC_STRINGS = YES;
				SWIFT_UPCOMING_FEATURE_MEMBER_IMPORT_VISIBILITY = YES;
				SWIFT_VERSION = 5.0;
				TARGETED_DEVICE_FAMILY = 1;
			};
			name = Debug;
		};
		FBB3ADE72F67A60700D7ADE3 /* Release */ = {
			isa = XCBuildConfiguration;
			buildSettings = {
				ASSETCATALOG_COMPILER_APPICON_NAME = AppIcon;
				ASSETCATALOG_COMPILER_GLOBAL_ACCENT_COLOR_NAME = AccentColor;
				CODE_SIGN_ENTITLEMENTS = milery.entitlements;
				CODE_SIGN_STYLE = Automatic;
				CURRENT_PROJECT_VERSION = 13;
				DEVELOPMENT_TEAM = 45SQT63B67;
				ENABLE_PREVIEWS = YES;
				GENERATE_INFOPLIST_FILE = YES;
				INFOPLIST_KEY_CFBundleDisplayName = Milery;
				INFOPLIST_KEY_LSApplicationCategoryType = "public.app-category.travel";
				INFOPLIST_KEY_UIApplicationSceneManifest_Generation = YES;
				INFOPLIST_KEY_UIApplicationSupportsIndirectInputEvents = YES;
				INFOPLIST_KEY_UILaunchScreen_Generation = YES;
				INFOPLIST_KEY_UISupportedInterfaceOrientations = UIInterfaceOrientationPortrait;
				INFOPLIST_KEY_UISupportedInterfaceOrientations_iPad = "UIInterfaceOrientationLandscapeLeft UIInterfaceOrientationLandscapeRight UIInterfaceOrientationPortrait UIInterfaceOrientationPortraitUpsideDown";
				IPHONEOS_DEPLOYMENT_TARGET = 26.0;
				LD_RUNPATH_SEARCH_PATHS = (
					"$(inherited)",
					"@executable_path/Frameworks",
				);
				MARKETING_VERSION = 0.0.3;
				PRODUCT_BUNDLE_IDENTIFIER = com.73app.milery;
				PRODUCT_NAME = "$(TARGET_NAME)";
				STRING_CATALOG_GENERATE_SYMBOLS = YES;
				SUPPORTED_PLATFORMS = "iphoneos iphonesimulator";
				SUPPORTS_MACCATALYST = NO;
				SWIFT_APPROACHABLE_CONCURRENCY = YES;
				SWIFT_DEFAULT_ACTOR_ISOLATION = MainActor;
				SWIFT_EMIT_LOC_STRINGS = YES;
				SWIFT_UPCOMING_FEATURE_MEMBER_IMPORT_VISIBILITY = YES;
				SWIFT_VERSION = 5.0;
				TARGETED_DEVICE_FAMILY = 1;
			};
			name = Release;
		};
/* End XCBuildConfiguration section */

/* Begin XCConfigurationList section */
		FBB3ADD52F67A60600D7ADE3 /* Build configuration list for PBXProject "milery" */ = {
			isa = XCConfigurationList;
			buildConfigurations = (
				FBB3ADE32F67A60700D7ADE3 /* Debug */,
				FBB3ADE42F67A60700D7ADE3 /* Release */,
			);
			defaultConfigurationIsVisible = 0;
			defaultConfigurationName = Release;
		};
		FBB3ADE52F67A60700D7ADE3 /* Build configuration list for PBXNativeTarget "milery" */ = {
			isa = XCConfigurationList;
			buildConfigurations = (
				FBB3ADE62F67A60700D7ADE3 /* Debug */,
				FBB3ADE72F67A60700D7ADE3 /* Release */,
			);
			defaultConfigurationIsVisible = 0;
			defaultConfigurationName = Release;
		};
/* End XCConfigurationList section */
	};
	rootObject = FBB3ADD22F67A60600D7ADE3 /* Project object */;
}
