// !$*UTF8*$!
{
	archiveVersion = 1;
	classes = {
	};
	objectVersion = 77;
	objects = {

/* Begin PBXBuildFile section */
		FB0A20AA2F8A541E00405172 /* WidgetKit.framework in Frameworks */ = {isa = PBXBuildFile; fileRef = FB0A20A92F8A541E00405172 /* WidgetKit.framework */; };
		FB0A20AC2F8A541E00405172 /* SwiftUI.framework in Frameworks */ = {isa = PBXBuildFile; fileRef = FB0A20AB2F8A541E00405172 /* SwiftUI.framework */; };
		FB0A20C32F8A543100405172 /* HAPTIC_FEEDBACK_GUIDE.md in Resources */ = {isa = PBXBuildFile; fileRef = FB0A20C12F8A543100405172 /* HAPTIC_FEEDBACK_GUIDE.md */; };
		FB0A20C62F8CF45900405172 /* Friend_System_Roadmap.md in Resources */ = {isa = PBXBuildFile; fileRef = FB0A20C52F8CF45900405172 /* Friend_System_Roadmap.md */; };
		FB0A20CA2F8E19DF00405172 /* DashboardView.swift in Sources */ = {isa = PBXBuildFile; fileRef = FB0A20C92F8E19DF00405172 /* DashboardView.swift */; };
		FB8547632F82C327007E3EC2 /* MainTabView.swift in Sources */ = {isa = PBXBuildFile; fileRef = FB8547552F82C327007E3EC2 /* MainTabView.swift */; };
		FB8547642F82C327007E3EC2 /* MileageViewModel.swift in Sources */ = {isa = PBXBuildFile; fileRef = FB85473D2F82C327007E3EC2 /* MileageViewModel.swift */; };
		FB8547652F82C327007E3EC2 /* CloudBackupService.swift in Sources */ = {isa = PBXBuildFile; fileRef = FB85473A2F82C327007E3EC2 /* CloudBackupService.swift */; };
		FB8547662F82C327007E3EC2 /* NotificationSettingsView.swift in Sources */ = {isa = PBXBuildFile; fileRef = FB8547572F82C327007E3EC2 /* NotificationSettingsView.swift */; };
		FB8547672F82C327007E3EC2 /* MileageProgram.swift in Sources */ = {isa = PBXBuildFile; fileRef = FB8547362F82C327007E3EC2 /* MileageProgram.swift */; };
		FB8547682F82C327007E3EC2 /* RedeemedTicket.swift in Sources */ = {isa = PBXBuildFile; fileRef = FB8547372F82C327007E3EC2 /* RedeemedTicket.swift */; };
		FB8547692F82C327007E3EC2 /* MileageViewModel+Program.swift in Sources */ = {isa = PBXBuildFile; fileRef = FB85473F2F82C327007E3EC2 /* MileageViewModel+Program.swift */; };
		FB85476A2F82C327007E3EC2 /* SettingsView.swift in Sources */ = {isa = PBXBuildFile; fileRef = FB85475A2F82C327007E3EC2 /* SettingsView.swift */; };
		FB85476B2F82C327007E3EC2 /* DataManagementView.swift in Sources */ = {isa = PBXBuildFile; fileRef = FB8547462F82C327007E3EC2 /* DataManagementView.swift */; };
		FB85476C2F82C327007E3EC2 /* CalculatorComponents.swift in Sources */ = {isa = PBXBuildFile; fileRef = FB85474E2F82C327007E3EC2 /* CalculatorComponents.swift */; };
		FB85476D2F82C327007E3EC2 /* CreditCardPageView.swift in Sources */ = {isa = PBXBuildFile; fileRef = FB8547512F82C327007E3EC2 /* CreditCardPageView.swift */; };
		FB85476E2F82C327007E3EC2 /* CreditCardRule.swift in Sources */ = {isa = PBXBuildFile; fileRef = FB8547332F82C327007E3EC2 /* CreditCardRule.swift */; };
		FB85476F2F82C327007E3EC2 /* LedgerView.swift in Sources */ = {isa = PBXBuildFile; fileRef = FB8547542F82C327007E3EC2 /* LedgerView.swift */; };
		FB8547702F82C327007E3EC2 /* TransactionFormView.swift in Sources */ = {isa = PBXBuildFile; fileRef = FB85475B2F82C327007E3EC2 /* TransactionFormView.swift */; };
		FB8547712F82C327007E3EC2 /* MileryApp.swift in Sources */ = {isa = PBXBuildFile; fileRef = FB8547612F82C327007E3EC2 /* MileryApp.swift */; };
		FB8547722F82C327007E3EC2 /* MilestonesView.swift in Sources */ = {isa = PBXBuildFile; fileRef = FB8547562F82C327007E3EC2 /* MilestonesView.swift */; };
		FB8547732F82C327007E3EC2 /* AppIconPickerView.swift in Sources */ = {isa = PBXBuildFile; fileRef = FB85474C2F82C327007E3EC2 /* AppIconPickerView.swift */; };
		FB8547742F82C327007E3EC2 /* CalculatorLedgerView.swift in Sources */ = {isa = PBXBuildFile; fileRef = FB85474F2F82C327007E3EC2 /* CalculatorLedgerView.swift */; };
		FB8547752F82C327007E3EC2 /* AirportListView.swift in Sources */ = {isa = PBXBuildFile; fileRef = FB8547432F82C327007E3EC2 /* AirportListView.swift */; };
		FB8547762F82C327007E3EC2 /* ConsoleLogView.swift in Sources */ = {isa = PBXBuildFile; fileRef = FB8547452F82C327007E3EC2 /* ConsoleLogView.swift */; };
		FB8547772F82C327007E3EC2 /* CathayUnitedBankCard.swift in Sources */ = {isa = PBXBuildFile; fileRef = FB85472E2F82C327007E3EC2 /* CathayUnitedBankCard.swift */; };
		FB8547782F82C327007E3EC2 /* TabVisibilitySettingsView.swift in Sources */ = {isa = PBXBuildFile; fileRef = FB8547482F82C327007E3EC2 /* TabVisibilitySettingsView.swift */; };
		FB8547792F82C327007E3EC2 /* AllGoalsView.swift in Sources */ = {isa = PBXBuildFile; fileRef = FB85474A2F82C327007E3EC2 /* AllGoalsView.swift */; };
		FB85477A2F82C327007E3EC2 /* DeveloperAccessService.swift in Sources */ = {isa = PBXBuildFile; fileRef = FB85473B2F82C327007E3EC2 /* DeveloperAccessService.swift */; };
		FB85477B2F82C327007E3EC2 /* CardBrandDefinition.swift in Sources */ = {isa = PBXBuildFile; fileRef = FB85472C2F82C327007E3EC2 /* CardBrandDefinition.swift */; };
		FB85477C2F82C327007E3EC2 /* BackgroundPickerView.swift in Sources */ = {isa = PBXBuildFile; fileRef = FB85474D2F82C327007E3EC2 /* BackgroundPickerView.swift */; };
		FB85477D2F82C327007E3EC2 /* MileageViewModel+Card.swift in Sources */ = {isa = PBXBuildFile; fileRef = FB85473E2F82C327007E3EC2 /* MileageViewModel+Card.swift */; };
		FB85477E2F82C327007E3EC2 /* CardBrandRegistry.swift in Sources */ = {isa = PBXBuildFile; fileRef = FB85472D2F82C327007E3EC2 /* CardBrandRegistry.swift */; };
		FB85477F2F82C327007E3EC2 /* TaishinCathayCard.swift in Sources */ = {isa = PBXBuildFile; fileRef = FB85472F2F82C327007E3EC2 /* TaishinCathayCard.swift */; };
		FB8547802F82C327007E3EC2 /* AirportDatabase.swift in Sources */ = {isa = PBXBuildFile; fileRef = FB8547282F82C327007E3EC2 /* AirportDatabase.swift */; };
		FB8547812F82C327007E3EC2 /* OnboardingView.swift in Sources */ = {isa = PBXBuildFile; fileRef = FB8547582F82C327007E3EC2 /* OnboardingView.swift */; };
		FB8547822F82C327007E3EC2 /* BackgroundImageManager.swift in Sources */ = {isa = PBXBuildFile; fileRef = FB8547312F82C327007E3EC2 /* BackgroundImageManager.swift */; };
		FB8547832F82C327007E3EC2 /* CloudBackupView.swift in Sources */ = {isa = PBXBuildFile; fileRef = FB8547502F82C327007E3EC2 /* CloudBackupView.swift */; };
		FB8547842F82C327007E3EC2 /* ProgressView.swift in Sources */ = {isa = PBXBuildFile; fileRef = FB8547592F82C327007E3EC2 /* ProgressView.swift */; };
		FB8547852F82C327007E3EC2 /* MileageAccount.swift in Sources */ = {isa = PBXBuildFile; fileRef = FB8547352F82C327007E3EC2 /* MileageAccount.swift */; };
		FB8547862F82C327007E3EC2 /* CathayAwardChart.swift in Sources */ = {isa = PBXBuildFile; fileRef = FB85472A2F82C327007E3EC2 /* CathayAwardChart.swift */; };
		FB8547872F82C327007E3EC2 /* MileageViewModel+Transaction.swift in Sources */ = {isa = PBXBuildFile; fileRef = FB8547412F82C327007E3EC2 /* MileageViewModel+Transaction.swift */; };
		FB8547882F82C327007E3EC2 /* AppBackgroundView.swift in Sources */ = {isa = PBXBuildFile; fileRef = FB85474B2F82C327007E3EC2 /* AppBackgroundView.swift */; };
		FB8547892F82C327007E3EC2 /* NEW_DashboardView.swift in Sources */ = {isa = PBXBuildFile; fileRef = FB8547522F82C327007E3EC2 /* NEW_DashboardView.swift */; };
		FB85478A2F82C327007E3EC2 /* FlightGoal.swift in Sources */ = {isa = PBXBuildFile; fileRef = FB8547342F82C327007E3EC2 /* FlightGoal.swift */; };
		FB85478B2F82C327007E3EC2 /* MileageViewModel+Sync.swift in Sources */ = {isa = PBXBuildFile; fileRef = FB8547402F82C327007E3EC2 /* MileageViewModel+Sync.swift */; };
		FB85478C2F82C327007E3EC2 /* AviationTheme.swift in Sources */ = {isa = PBXBuildFile; fileRef = FB85475E2F82C327007E3EC2 /* AviationTheme.swift */; };
		FB85478D2F82C327007E3EC2 /* Transaction.swift in Sources */ = {isa = PBXBuildFile; fileRef = FB8547382F82C327007E3EC2 /* Transaction.swift */; };
		FB85478E2F82C327007E3EC2 /* CardPreference.swift in Sources */ = {isa = PBXBuildFile; fileRef = FB8547322F82C327007E3EC2 /* CardPreference.swift */; };
		FB85478F2F82C327007E3EC2 /* CloudKitAdvancedView.swift in Sources */ = {isa = PBXBuildFile; fileRef = FB8547442F82C327007E3EC2 /* CloudKitAdvancedView.swift */; };
		FB8547912F82C327007E3EC2 /* EditTransactionView.swift in Sources */ = {isa = PBXBuildFile; fileRef = FB8547532F82C327007E3EC2 /* EditTransactionView.swift */; };
		FB8547922F82C327007E3EC2 /* airports.csv in Resources */ = {isa = PBXBuildFile; fileRef = FB8547292F82C327007E3EC2 /* airports.csv */; };
		FB8547932F82C327007E3EC2 /* AppIcon-Dark-1-60@2x.png in Resources */ = {isa = PBXBuildFile; fileRef = FB8547252F82C327007E3EC2 /* AppIcon-Dark-1-60@2x.png */; };
		FB8547942F82C327007E3EC2 /* AppIcon-Blue-1-60@3x.png in Resources */ = {isa = PBXBuildFile; fileRef = FB8547242F82C327007E3EC2 /* AppIcon-Blue-1-60@3x.png */; };
		FB8547952F82C327007E3EC2 /* AppIcon-Dark-1-60@3x.png in Resources */ = {isa = PBXBuildFile; fileRef = FB8547262F82C327007E3EC2 /* AppIcon-Dark-1-60@3x.png */; };
		FB8547972F82C327007E3EC2 /* Assets.xcassets in Resources */ = {isa = PBXBuildFile; fileRef = FB85475D2F82C327007E3EC2 /* Assets.xcassets */; };
		FB8547982F82C327007E3EC2 /* AppIcon-Blue-1-60@2x.png in Resources */ = {isa = PBXBuildFile; fileRef = FB8547232F82C327007E3EC2 /* AppIcon-Blue-1-60@2x.png */; };
		FB85479B2F82C353007E3EC2 /* README.md in Resources */ = {isa = PBXBuildFile; fileRef = FB85479A2F82C353007E3EC2 /* README.md */; };
		FB85479C2F82C353007E3EC2 /* PROJECT_GUIDE.md in Resources */ = {isa = PBXBuildFile; fileRef = FB8547992F82C353007E3EC2 /* PROJECT_GUIDE.md */; };
		FB8547A32F82C367007E3EC2 /* FlightCalculatorTests.swift in Sources */ = {isa = PBXBuildFile; fileRef = FB85479F2F82C367007E3EC2 /* FlightCalculatorTests.swift */; };
		FB8547A42F82C367007E3EC2 /* FlightGoalTests.swift in Sources */ = {isa = PBXBuildFile; fileRef = FB8547A02F82C367007E3EC2 /* FlightGoalTests.swift */; };
		FB8547A52F82C367007E3EC2 /* CreditCardRuleTests.swift in Sources */ = {isa = PBXBuildFile; fileRef = FB85479E2F82C367007E3EC2 /* CreditCardRuleTests.swift */; };
		FB8547A62F82C367007E3EC2 /* MileageAccountTests.swift in Sources */ = {isa = PBXBuildFile; fileRef = FB8547A12F82C367007E3EC2 /* MileageAccountTests.swift */; };
		FB8547A72F82C367007E3EC2 /* AirportDatabaseTests.swift in Sources */ = {isa = PBXBuildFile; fileRef = FB85479D2F82C367007E3EC2 /* AirportDatabaseTests.swift */; };
		FB8547AB2F8614EC007E3EC2 /* SolidColorDefinition.swift in Sources */ = {isa = PBXBuildFile; fileRef = FB8547AA2F8614EC007E3EC2 /* SolidColorDefinition.swift */; };
		FB8547AD2F8638AD007E3EC2 /* AppLockService.swift in Sources */ = {isa = PBXBuildFile; fileRef = FB8547AC2F8638AD007E3EC2 /* AppLockService.swift */; };
		FB8547AF2F8638CA007E3EC2 /* AppLockView.swift in Sources */ = {isa = PBXBuildFile; fileRef = FB8547AE2F8638CA007E3EC2 /* AppLockView.swift */; };
		FB8547B32F86582A007E3EC2 /* FriendService.swift in Sources */ = {isa = PBXBuildFile; fileRef = FB8547B22F86582A007E3EC2 /* FriendService.swift */; };
		FB9314522F8972E5009F4A81 /* ProfileService.swift in Sources */ = {isa = PBXBuildFile; fileRef = FB9314512F8972E5009F4A81 /* ProfileService.swift */; };
		FB9314542F8972F0009F4A81 /* ProfileAvatarView.swift in Sources */ = {isa = PBXBuildFile; fileRef = FB9314532F8972F0009F4A81 /* ProfileAvatarView.swift */; };
		FB9314562F89730D009F4A81 /* ProfileEditView.swift in Sources */ = {isa = PBXBuildFile; fileRef = FB9314552F89730D009F4A81 /* ProfileEditView.swift */; };
		FBEACD902F865DDF008B6847 /* AppLockSettingsView.swift in Sources */ = {isa = PBXBuildFile; fileRef = FBEACD8D2F865DDF008B6847 /* AppLockSettingsView.swift */; };
		FBEACD912F865DDF008B6847 /* ProgramSwitcherView.swift in Sources */ = {isa = PBXBuildFile; fileRef = FBEACD8F2F865DDF008B6847 /* ProgramSwitcherView.swift */; };
		FBEACD922F865DDF008B6847 /* FriendsView.swift in Sources */ = {isa = PBXBuildFile; fileRef = FBEACD8E2F865DDF008B6847 /* FriendsView.swift */; };
/* End PBXBuildFile section */

/* Begin PBXContainerItemProxy section */
		FB0A20B92F8A541F00405172 /* PBXContainerItemProxy */ = {
			isa = PBXContainerItemProxy;
			containerPortal = FBB3ADD22F67A60600D7ADE3 /* Project object */;
			proxyType = 1;
			remoteGlobalIDString = FB0A20A62F8A541E00405172;
			remoteInfo = MileryWidgetExtension;
		};
		FB901A012F90000100AAAAAA /* PBXContainerItemProxy */ = {
			isa = PBXContainerItemProxy;
			containerPortal = FBB3ADD22F67A60600D7ADE3 /* Project object */;
			proxyType = 1;
			remoteGlobalIDString = FBB3ADD92F67A60600D7ADE3;
			remoteInfo = milery;
		};
/* End PBXContainerItemProxy section */

/* Begin PBXCopyFilesBuildPhase section */
		FB0A20C02F8A541F00405172 /* Embed Foundation Extensions */ = {
			isa = PBXCopyFilesBuildPhase;
			buildActionMask = 2147483647;
			dstPath = "";
			dstSubfolderSpec = 13;
			files = (
			);
			name = "Embed Foundation Extensions";
			runOnlyForDeploymentPostprocessing = 0;
		};
/* End PBXCopyFilesBuildPhase section */

/* Begin PBXFileReference section */
		FB0A20A72F8A541E00405172 /* MileryWidgetExtension.appex */ = {isa = PBXFileReference; explicitFileType = "wrapper.app-extension"; includeInIndex = 0; name = MileryWidgetExtension.appex; path = "/Users/rayhsu/Documents/milery/build/Debug-iphoneos/MileryWidgetExtension.appex"; sourceTree = "<absolute>"; };
		FB0A20A92F8A541E00405172 /* WidgetKit.framework */ = {isa = PBXFileReference; lastKnownFileType = wrapper.framework; name = WidgetKit.framework; path = System/Library/Frameworks/WidgetKit.framework; sourceTree = SDKROOT; };
		FB0A20AB2F8A541E00405172 /* SwiftUI.framework */ = {isa = PBXFileReference; lastKnownFileType = wrapper.framework; name = SwiftUI.framework; path = System/Library/Frameworks/SwiftUI.framework; sourceTree = SDKROOT; };
		FB0A20C12F8A543100405172 /* HAPTIC_FEEDBACK_GUIDE.md */ = {isa = PBXFileReference; lastKnownFileType = net.daringfireball.markdown; path = HAPTIC_FEEDBACK_GUIDE.md; sourceTree = "<group>"; };
		FB0A20C42F8A55E900405172 /* MileryWidgetExtension.entitlements */ = {isa = PBXFileReference; lastKnownFileType = text.plist.entitlements; path = MileryWidgetExtension.entitlements; sourceTree = "<group>"; };
		FB0A20C52F8CF45900405172 /* Friend_System_Roadmap.md */ = {isa = PBXFileReference; lastKnownFileType = net.daringfireball.markdown; path = Friend_System_Roadmap.md; sourceTree = "<group>"; };
		FB0A20C92F8E19DF00405172 /* DashboardView.swift */ = {isa = PBXFileReference; lastKnownFileType = sourcecode.swift; path = DashboardView.swift; sourceTree = "<group>"; };
		FB8547232F82C327007E3EC2 /* AppIcon-Blue-1-60@2x.png */ = {isa = PBXFileReference; lastKnownFileType = image.png; path = "AppIcon-Blue-1-60@2x.png"; sourceTree = "<group>"; };
		FB8547242F82C327007E3EC2 /* AppIcon-Blue-1-60@3x.png */ = {isa = PBXFileReference; lastKnownFileType = image.png; path = "AppIcon-Blue-1-60@3x.png"; sourceTree = "<group>"; };
		FB8547252F82C327007E3EC2 /* AppIcon-Dark-1-60@2x.png */ = {isa = PBXFileReference; lastKnownFileType = image.png; path = "AppIcon-Dark-1-60@2x.png"; sourceTree = "<group>"; };
		FB8547262F82C327007E3EC2 /* AppIcon-Dark-1-60@3x.png */ = {isa = PBXFileReference; lastKnownFileType = image.png; path = "AppIcon-Dark-1-60@3x.png"; sourceTree = "<group>"; };
		FB8547282F82C327007E3EC2 /* AirportDatabase.swift */ = {isa = PBXFileReference; lastKnownFileType = sourcecode.swift; path = AirportDatabase.swift; sourceTree = "<group>"; };
		FB8547292F82C327007E3EC2 /* airports.csv */ = {isa = PBXFileReference; lastKnownFileType = text; path = airports.csv; sourceTree = "<group>"; };
		FB85472A2F82C327007E3EC2 /* CathayAwardChart.swift */ = {isa = PBXFileReference; lastKnownFileType = sourcecode.swift; path = CathayAwardChart.swift; sourceTree = "<group>"; };
		FB85472C2F82C327007E3EC2 /* CardBrandDefinition.swift */ = {isa = PBXFileReference; lastKnownFileType = sourcecode.swift; path = CardBrandDefinition.swift; sourceTree = "<group>"; };
		FB85472D2F82C327007E3EC2 /* CardBrandRegistry.swift */ = {isa = PBXFileReference; lastKnownFileType = sourcecode.swift; path = CardBrandRegistry.swift; sourceTree = "<group>"; };
		FB85472E2F82C327007E3EC2 /* CathayUnitedBankCard.swift */ = {isa = PBXFileReference; lastKnownFileType = sourcecode.swift; path = CathayUnitedBankCard.swift; sourceTree = "<group>"; };
		FB85472F2F82C327007E3EC2 /* TaishinCathayCard.swift */ = {isa = PBXFileReference; lastKnownFileType = sourcecode.swift; path = TaishinCathayCard.swift; sourceTree = "<group>"; };
		FB8547312F82C327007E3EC2 /* BackgroundImageManager.swift */ = {isa = PBXFileReference; lastKnownFileType = sourcecode.swift; path = BackgroundImageManager.swift; sourceTree = "<group>"; };
		FB8547322F82C327007E3EC2 /* CardPreference.swift */ = {isa = PBXFileReference; lastKnownFileType = sourcecode.swift; path = CardPreference.swift; sourceTree = "<group>"; };
		FB8547332F82C327007E3EC2 /* CreditCardRule.swift */ = {isa = PBXFileReference; lastKnownFileType = sourcecode.swift; path = CreditCardRule.swift; sourceTree = "<group>"; };
		FB8547342F82C327007E3EC2 /* FlightGoal.swift */ = {isa = PBXFileReference; lastKnownFileType = sourcecode.swift; path = FlightGoal.swift; sourceTree = "<group>"; };
		FB8547352F82C327007E3EC2 /* MileageAccount.swift */ = {isa = PBXFileReference; lastKnownFileType = sourcecode.swift; path = MileageAccount.swift; sourceTree = "<group>"; };
		FB8547362F82C327007E3EC2 /* MileageProgram.swift */ = {isa = PBXFileReference; lastKnownFileType = sourcecode.swift; path = MileageProgram.swift; sourceTree = "<group>"; };
		FB8547372F82C327007E3EC2 /* RedeemedTicket.swift */ = {isa = PBXFileReference; lastKnownFileType = sourcecode.swift; path = RedeemedTicket.swift; sourceTree = "<group>"; };
		FB8547382F82C327007E3EC2 /* Transaction.swift */ = {isa = PBXFileReference; lastKnownFileType = sourcecode.swift; path = Transaction.swift; sourceTree = "<group>"; };
		FB85473A2F82C327007E3EC2 /* CloudBackupService.swift */ = {isa = PBXFileReference; lastKnownFileType = sourcecode.swift; path = CloudBackupService.swift; sourceTree = "<group>"; };
		FB85473B2F82C327007E3EC2 /* DeveloperAccessService.swift */ = {isa = PBXFileReference; lastKnownFileType = sourcecode.swift; path = DeveloperAccessService.swift; sourceTree = "<group>"; };
		FB85473D2F82C327007E3EC2 /* MileageViewModel.swift */ = {isa = PBXFileReference; lastKnownFileType = sourcecode.swift; path = MileageViewModel.swift; sourceTree = "<group>"; };
		FB85473E2F82C327007E3EC2 /* MileageViewModel+Card.swift */ = {isa = PBXFileReference; lastKnownFileType = sourcecode.swift; path = "MileageViewModel+Card.swift"; sourceTree = "<group>"; };
		FB85473F2F82C327007E3EC2 /* MileageViewModel+Program.swift */ = {isa = PBXFileReference; lastKnownFileType = sourcecode.swift; path = "MileageViewModel+Program.swift"; sourceTree = "<group>"; };
		FB8547402F82C327007E3EC2 /* MileageViewModel+Sync.swift */ = {isa = PBXFileReference; lastKnownFileType = sourcecode.swift; path = "MileageViewModel+Sync.swift"; sourceTree = "<group>"; };
		FB8547412F82C327007E3EC2 /* MileageViewModel+Transaction.swift */ = {isa = PBXFileReference; lastKnownFileType = sourcecode.swift; path = "MileageViewModel+Transaction.swift"; sourceTree = "<group>"; };
		FB8547432F82C327007E3EC2 /* AirportListView.swift */ = {isa = PBXFileReference; lastKnownFileType = sourcecode.swift; path = AirportListView.swift; sourceTree = "<group>"; };
		FB8547442F82C327007E3EC2 /* CloudKitAdvancedView.swift */ = {isa = PBXFileReference; lastKnownFileType = sourcecode.swift; path = CloudKitAdvancedView.swift; sourceTree = "<group>"; };
		FB8547452F82C327007E3EC2 /* ConsoleLogView.swift */ = {isa = PBXFileReference; lastKnownFileType = sourcecode.swift; path = ConsoleLogView.swift; sourceTree = "<group>"; };
		FB8547462F82C327007E3EC2 /* DataManagementView.swift */ = {isa = PBXFileReference; lastKnownFileType = sourcecode.swift; path = DataManagementView.swift; sourceTree = "<group>"; };
		FB8547482F82C327007E3EC2 /* TabVisibilitySettingsView.swift */ = {isa = PBXFileReference; lastKnownFileType = sourcecode.swift; path = TabVisibilitySettingsView.swift; sourceTree = "<group>"; };
		FB85474A2F82C327007E3EC2 /* AllGoalsView.swift */ = {isa = PBXFileReference; lastKnownFileType = sourcecode.swift; path = AllGoalsView.swift; sourceTree = "<group>"; };
		FB85474B2F82C327007E3EC2 /* AppBackgroundView.swift */ = {isa = PBXFileReference; lastKnownFileType = sourcecode.swift; path = AppBackgroundView.swift; sourceTree = "<group>"; };
		FB85474C2F82C327007E3EC2 /* AppIconPickerView.swift */ = {isa = PBXFileReference; lastKnownFileType = sourcecode.swift; path = AppIconPickerView.swift; sourceTree = "<group>"; };
		FB85474D2F82C327007E3EC2 /* BackgroundPickerView.swift */ = {isa = PBXFileReference; lastKnownFileType = sourcecode.swift; path = BackgroundPickerView.swift; sourceTree = "<group>"; };
		FB85474E2F82C327007E3EC2 /* CalculatorComponents.swift */ = {isa = PBXFileReference; lastKnownFileType = sourcecode.swift; path = CalculatorComponents.swift; sourceTree = "<group>"; };
		FB85474F2F82C327007E3EC2 /* CalculatorLedgerView.swift */ = {isa = PBXFileReference; lastKnownFileType = sourcecode.swift; path = CalculatorLedgerView.swift; sourceTree = "<group>"; };
		FB8547502F82C327007E3EC2 /* CloudBackupView.swift */ = {isa = PBXFileReference; lastKnownFileType = sourcecode.swift; path = CloudBackupView.swift; sourceTree = "<group>"; };
		FB8547512F82C327007E3EC2 /* CreditCardPageView.swift */ = {isa = PBXFileReference; lastKnownFileType = sourcecode.swift; path = CreditCardPageView.swift; sourceTree = "<group>"; };
		FB8547522F82C327007E3EC2 /* NEW_DashboardView.swift */ = {isa = PBXFileReference; lastKnownFileType = sourcecode.swift; path = NEW_DashboardView.swift; sourceTree = "<group>"; };
		FB8547532F82C327007E3EC2 /* EditTransactionView.swift */ = {isa = PBXFileReference; lastKnownFileType = sourcecode.swift; path = EditTransactionView.swift; sourceTree = "<group>"; };
		FB8547542F82C327007E3EC2 /* LedgerView.swift */ = {isa = PBXFileReference; lastKnownFileType = sourcecode.swift; path = LedgerView.swift; sourceTree = "<group>"; };
		FB8547552F82C327007E3EC2 /* MainTabView.swift */ = {isa = PBXFileReference; lastKnownFileType = sourcecode.swift; path = MainTabView.swift; sourceTree = "<group>"; };
		FB8547562F82C327007E3EC2 /* MilestonesView.swift */ = {isa = PBXFileReference; lastKnownFileType = sourcecode.swift; path = MilestonesView.swift; sourceTree = "<group>"; };
		FB8547572F82C327007E3EC2 /* NotificationSettingsView.swift */ = {isa = PBXFileReference; lastKnownFileType = sourcecode.swift; path = NotificationSettingsView.swift; sourceTree = "<group>"; };
		FB8547582F82C327007E3EC2 /* OnboardingView.swift */ = {isa = PBXFileReference; lastKnownFileType = sourcecode.swift; path = OnboardingView.swift; sourceTree = "<group>"; };
		FB8547592F82C327007E3EC2 /* ProgressView.swift */ = {isa = PBXFileReference; lastKnownFileType = sourcecode.swift; path = ProgressView.swift; sourceTree = "<group>"; };
		FB85475A2F82C327007E3EC2 /* SettingsView.swift */ = {isa = PBXFileReference; lastKnownFileType = sourcecode.swift; path = SettingsView.swift; sourceTree = "<group>"; };
		FB85475B2F82C327007E3EC2 /* TransactionFormView.swift */ = {isa = PBXFileReference; lastKnownFileType = sourcecode.swift; path = TransactionFormView.swift; sourceTree = "<group>"; };
		FB85475D2F82C327007E3EC2 /* Assets.xcassets */ = {isa = PBXFileReference; lastKnownFileType = folder.assetcatalog; path = Assets.xcassets; sourceTree = "<group>"; };
		FB85475E2F82C327007E3EC2 /* AviationTheme.swift */ = {isa = PBXFileReference; lastKnownFileType = sourcecode.swift; path = AviationTheme.swift; sourceTree = "<group>"; };
		FB85475F2F82C327007E3EC2 /* milery.entitlements */ = {isa = PBXFileReference; lastKnownFileType = text.plist.entitlements; path = milery.entitlements; sourceTree = "<group>"; };
		FB8547602F82C327007E3EC2 /* milery-Info.plist */ = {isa = PBXFileReference; lastKnownFileType = text.plist.xml; path = "milery-Info.plist"; sourceTree = "<group>"; };
		FB8547612F82C327007E3EC2 /* MileryApp.swift */ = {isa = PBXFileReference; lastKnownFileType = sourcecode.swift; path = MileryApp.swift; sourceTree = "<group>"; };
		FB8547992F82C353007E3EC2 /* PROJECT_GUIDE.md */ = {isa = PBXFileReference; lastKnownFileType = net.daringfireball.markdown; path = PROJECT_GUIDE.md; sourceTree = "<group>"; };
		FB85479A2F82C353007E3EC2 /* README.md */ = {isa = PBXFileReference; lastKnownFileType = net.daringfireball.markdown; path = README.md; sourceTree = "<group>"; };
		FB85479D2F82C367007E3EC2 /* AirportDatabaseTests.swift */ = {isa = PBXFileReference; lastKnownFileType = sourcecode.swift; path = AirportDatabaseTests.swift; sourceTree = "<group>"; };
		FB85479E2F82C367007E3EC2 /* CreditCardRuleTests.swift */ = {isa = PBXFileReference; lastKnownFileType = sourcecode.swift; path = CreditCardRuleTests.swift; sourceTree = "<group>"; };
		FB85479F2F82C367007E3EC2 /* FlightCalculatorTests.swift */ = {isa = PBXFileReference; lastKnownFileType = sourcecode.swift; path = FlightCalculatorTests.swift; sourceTree = "<group>"; };
		FB8547A02F82C367007E3EC2 /* FlightGoalTests.swift */ = {isa = PBXFileReference; lastKnownFileType = sourcecode.swift; path = FlightGoalTests.swift; sourceTree = "<group>"; };
		FB8547A12F82C367007E3EC2 /* MileageAccountTests.swift */ = {isa = PBXFileReference; lastKnownFileType = sourcecode.swift; path = MileageAccountTests.swift; sourceTree = "<group>"; };
		FB8547A82F82C468007E3EC2 /* milery.app */ = {isa = PBXFileReference; explicitFileType = wrapper.application; includeInIndex = 0; name = milery.app; path = "/Users/rayhsu/Documents/milery/build/Debug-iphoneos/milery.app"; sourceTree = "<absolute>"; };
		FB8547A92F840CD7007E3EC2 /* mileryTests.xctest */ = {isa = PBXFileReference; explicitFileType = wrapper.cfbundle; includeInIndex = 0; name = mileryTests.xctest; path = "/Users/rayhsu/Documents/milery/build/Debug-iphoneos/milery.app/PlugIns/mileryTests.xctest"; sourceTree = "<absolute>"; };
		FB8547AA2F8614EC007E3EC2 /* SolidColorDefinition.swift */ = {isa = PBXFileReference; lastKnownFileType = sourcecode.swift; path = SolidColorDefinition.swift; sourceTree = "<group>"; };
		FB8547AC2F8638AD007E3EC2 /* AppLockService.swift */ = {isa = PBXFileReference; lastKnownFileType = sourcecode.swift; path = AppLockService.swift; sourceTree = "<group>"; };
		FB8547AE2F8638CA007E3EC2 /* AppLockView.swift */ = {isa = PBXFileReference; lastKnownFileType = sourcecode.swift; path = AppLockView.swift; sourceTree = "<group>"; };
		FB8547B22F86582A007E3EC2 /* FriendService.swift */ = {isa = PBXFileReference; lastKnownFileType = sourcecode.swift; path = FriendService.swift; sourceTree = "<group>"; };
		FB9314512F8972E5009F4A81 /* ProfileService.swift */ = {isa = PBXFileReference; lastKnownFileType = sourcecode.swift; path = ProfileService.swift; sourceTree = "<group>"; };
		FB9314532F8972F0009F4A81 /* ProfileAvatarView.swift */ = {isa = PBXFileReference; lastKnownFileType = sourcecode.swift; path = ProfileAvatarView.swift; sourceTree = "<group>"; };
		FB9314552F89730D009F4A81 /* ProfileEditView.swift */ = {isa = PBXFileReference; lastKnownFileType = sourcecode.swift; path = ProfileEditView.swift; sourceTree = "<group>"; };
		FBEACD8D2F865DDF008B6847 /* AppLockSettingsView.swift */ = {isa = PBXFileReference; lastKnownFileType = sourcecode.swift; path = AppLockSettingsView.swift; sourceTree = "<group>"; };
		FBEACD8E2F865DDF008B6847 /* FriendsView.swift */ = {isa = PBXFileReference; lastKnownFileType = sourcecode.swift; path = FriendsView.swift; sourceTree = "<group>"; };
		FBEACD8F2F865DDF008B6847 /* ProgramSwitcherView.swift */ = {isa = PBXFileReference; lastKnownFileType = sourcecode.swift; path = ProgramSwitcherView.swift; sourceTree = "<group>"; };
/* End PBXFileReference section */

/* Begin PBXFileSystemSynchronizedBuildFileExceptionSet section */
		FB0A20BC2F8A541F00405172 /* Exceptions for "MileryWidget" folder in "MileryWidgetExtension" target */ = {
			isa = PBXFileSystemSynchronizedBuildFileExceptionSet;
			membershipExceptions = (
				Info.plist,
			);
			target = FB0A20A62F8A541E00405172 /* MileryWidgetExtension */;
		};
/* End PBXFileSystemSynchronizedBuildFileExceptionSet section */

/* Begin PBXFileSystemSynchronizedRootGroup section */
		FB0A20AD2F8A541E00405172 /* MileryWidget */ = {
			isa = PBXFileSystemSynchronizedRootGroup;
			exceptions = (
				FB0A20BC2F8A541F00405172 /* Exceptions for "MileryWidget" folder in "MileryWidgetExtension" target */,
			);
			path = MileryWidget;
			sourceTree = "<group>";
		};
/* End PBXFileSystemSynchronizedRootGroup section */

/* Begin PBXFrameworksBuildPhase section */
		FB0A20A42F8A541E00405172 /* Frameworks */ = {
			isa = PBXFrameworksBuildPhase;
			buildActionMask = 2147483647;
			files = (
				FB0A20AC2F8A541E00405172 /* SwiftUI.framework in Frameworks */,
				FB0A20AA2F8A541E00405172 /* WidgetKit.framework in Frameworks */,
			);
			runOnlyForDeploymentPostprocessing = 0;
		};
		FB900E022F90000100AAAAAA /* Frameworks */ = {
			isa = PBXFrameworksBuildPhase;
			buildActionMask = 2147483647;
			files = (
			);
			runOnlyForDeploymentPostprocessing = 0;
		};
		FBB3ADD72F67A60600D7ADE3 /* Frameworks */ = {
			isa = PBXFrameworksBuildPhase;
			buildActionMask = 2147483647;
			files = (
			);
			runOnlyForDeploymentPostprocessing = 0;
		};
/* End PBXFrameworksBuildPhase section */

/* Begin PBXGroup section */
		FB0A20A82F8A541E00405172 /* Frameworks */ = {
			isa = PBXGroup;
			children = (
				FB0A20A92F8A541E00405172 /* WidgetKit.framework */,
				FB0A20AB2F8A541E00405172 /* SwiftUI.framework */,
			);
			name = Frameworks;
			sourceTree = "<group>";
		};
		FB0A20C22F8A543100405172 /* md */ = {
			isa = PBXGroup;
			children = (
				FB0A20C12F8A543100405172 /* HAPTIC_FEEDBACK_GUIDE.md */,
				FB0A20C52F8CF45900405172 /* Friend_System_Roadmap.md */,
			);
			path = md;
			sourceTree = "<group>";
		};
		FB8547272F82C327007E3EC2 /* Alternate​Icons */ = {
			isa = PBXGroup;
			children = (
				FB8547232F82C327007E3EC2 /* AppIcon-Blue-1-60@2x.png */,
				FB8547242F82C327007E3EC2 /* AppIcon-Blue-1-60@3x.png */,
				FB8547252F82C327007E3EC2 /* AppIcon-Dark-1-60@2x.png */,
				FB8547262F82C327007E3EC2 /* AppIcon-Dark-1-60@3x.png */,
			);
			path = "Alternate​Icons";
			sourceTree = "<group>";
		};
		FB85472B2F82C327007E3EC2 /* Database */ = {
			isa = PBXGroup;
			children = (
				FB8547282F82C327007E3EC2 /* AirportDatabase.swift */,
				FB8547292F82C327007E3EC2 /* airports.csv */,
				FB85472A2F82C327007E3EC2 /* CathayAwardChart.swift */,
			);
			path = Database;
			sourceTree = "<group>";
		};
		FB8547302F82C327007E3EC2 /* CardDefinitions */ = {
			isa = PBXGroup;
			children = (
				FB85472C2F82C327007E3EC2 /* CardBrandDefinition.swift */,
				FB85472D2F82C327007E3EC2 /* CardBrandRegistry.swift */,
				FB85472E2F82C327007E3EC2 /* CathayUnitedBankCard.swift */,
				FB85472F2F82C327007E3EC2 /* TaishinCathayCard.swift */,
			);
			path = CardDefinitions;
			sourceTree = "<group>";
		};
		FB8547392F82C327007E3EC2 /* Models */ = {
			isa = PBXGroup;
			children = (
				FB8547302F82C327007E3EC2 /* CardDefinitions */,
				FB8547312F82C327007E3EC2 /* BackgroundImageManager.swift */,
				FB8547322F82C327007E3EC2 /* CardPreference.swift */,
				FB8547332F82C327007E3EC2 /* CreditCardRule.swift */,
				FB8547342F82C327007E3EC2 /* FlightGoal.swift */,
				FB8547352F82C327007E3EC2 /* MileageAccount.swift */,
				FB8547362F82C327007E3EC2 /* MileageProgram.swift */,
				FB8547372F82C327007E3EC2 /* RedeemedTicket.swift */,
				FB8547382F82C327007E3EC2 /* Transaction.swift */,
				FB8547AA2F8614EC007E3EC2 /* SolidColorDefinition.swift */,
			);
			path = Models;
			sourceTree = "<group>";
		};
		FB85473C2F82C327007E3EC2 /* Service */ = {
			isa = PBXGroup;
			children = (
				FB85473A2F82C327007E3EC2 /* CloudBackupService.swift */,
				FB85473B2F82C327007E3EC2 /* DeveloperAccessService.swift */,
				FB8547AC2F8638AD007E3EC2 /* AppLockService.swift */,
				FB8547B22F86582A007E3EC2 /* FriendService.swift */,
				FB9314512F8972E5009F4A81 /* ProfileService.swift */,
			);
			path = Service;
			sourceTree = "<group>";
		};
		FB8547422F82C327007E3EC2 /* ViewModels */ = {
			isa = PBXGroup;
			children = (
				FB85473D2F82C327007E3EC2 /* MileageViewModel.swift */,
				FB85473E2F82C327007E3EC2 /* MileageViewModel+Card.swift */,
				FB85473F2F82C327007E3EC2 /* MileageViewModel+Program.swift */,
				FB8547402F82C327007E3EC2 /* MileageViewModel+Sync.swift */,
				FB8547412F82C327007E3EC2 /* MileageViewModel+Transaction.swift */,
			);
			path = ViewModels;
			sourceTree = "<group>";
		};
		FB8547492F82C327007E3EC2 /* DevViews */ = {
			isa = PBXGroup;
			children = (
				FB8547432F82C327007E3EC2 /* AirportListView.swift */,
				FB8547442F82C327007E3EC2 /* CloudKitAdvancedView.swift */,
				FB8547452F82C327007E3EC2 /* ConsoleLogView.swift */,
				FB8547462F82C327007E3EC2 /* DataManagementView.swift */,
				FB8547482F82C327007E3EC2 /* TabVisibilitySettingsView.swift */,
			);
			path = DevViews;
			sourceTree = "<group>";
		};
		FB85475C2F82C327007E3EC2 /* Views */ = {
			isa = PBXGroup;
			children = (
				FB8547492F82C327007E3EC2 /* DevViews */,
				FB85474A2F82C327007E3EC2 /* AllGoalsView.swift */,
				FB85474B2F82C327007E3EC2 /* AppBackgroundView.swift */,
				FB85474C2F82C327007E3EC2 /* AppIconPickerView.swift */,
				FB85474D2F82C327007E3EC2 /* BackgroundPickerView.swift */,
				FB85474E2F82C327007E3EC2 /* CalculatorComponents.swift */,
				FB85474F2F82C327007E3EC2 /* CalculatorLedgerView.swift */,
				FB8547502F82C327007E3EC2 /* CloudBackupView.swift */,
				FB8547512F82C327007E3EC2 /* CreditCardPageView.swift */,
				FB8547522F82C327007E3EC2 /* NEW_DashboardView.swift */,
				FB0A20C92F8E19DF00405172 /* DashboardView.swift */,
				FB8547532F82C327007E3EC2 /* EditTransactionView.swift */,
				FB8547542F82C327007E3EC2 /* LedgerView.swift */,
				FB8547552F82C327007E3EC2 /* MainTabView.swift */,
				FB8547562F82C327007E3EC2 /* MilestonesView.swift */,
				FB8547572F82C327007E3EC2 /* NotificationSettingsView.swift */,
				FB8547582F82C327007E3EC2 /* OnboardingView.swift */,
				FB8547592F82C327007E3EC2 /* ProgressView.swift */,
				FB85475A2F82C327007E3EC2 /* SettingsView.swift */,
				FB85475B2F82C327007E3EC2 /* TransactionFormView.swift */,
				FBEACD8D2F865DDF008B6847 /* AppLockSettingsView.swift */,
				FBEACD8E2F865DDF008B6847 /* FriendsView.swift */,
				FBEACD8F2F865DDF008B6847 /* ProgramSwitcherView.swift */,
				FB8547AE2F8638CA007E3EC2 /* AppLockView.swift */,
				FB9314532F8972F0009F4A81 /* ProfileAvatarView.swift */,
				FB9314552F89730D009F4A81 /* ProfileEditView.swift */,
			);
			path = Views;
			sourceTree = "<group>";
		};
		FB8547622F82C327007E3EC2 /* milery */ = {
			isa = PBXGroup;
			children = (
				FB8547272F82C327007E3EC2 /* Alternate​Icons */,
				FB85472B2F82C327007E3EC2 /* Database */,
				FB8547392F82C327007E3EC2 /* Models */,
				FB85473C2F82C327007E3EC2 /* Service */,
				FB8547422F82C327007E3EC2 /* ViewModels */,
				FB85475C2F82C327007E3EC2 /* Views */,
				FB85475D2F82C327007E3EC2 /* Assets.xcassets */,
				FB85475E2F82C327007E3EC2 /* AviationTheme.swift */,
				FB85475F2F82C327007E3EC2 /* milery.entitlements */,
				FB8547602F82C327007E3EC2 /* milery-Info.plist */,
				FB8547612F82C327007E3EC2 /* MileryApp.swift */,
			);
			path = milery;
			sourceTree = "<group>";
		};
		FB8547A22F82C367007E3EC2 /* mileryTests */ = {
			isa = PBXGroup;
			children = (
				FB85479D2F82C367007E3EC2 /* AirportDatabaseTests.swift */,
				FB85479E2F82C367007E3EC2 /* CreditCardRuleTests.swift */,
				FB85479F2F82C367007E3EC2 /* FlightCalculatorTests.swift */,
				FB8547A02F82C367007E3EC2 /* FlightGoalTests.swift */,
				FB8547A12F82C367007E3EC2 /* MileageAccountTests.swift */,
			);
			path = mileryTests;
			sourceTree = "<group>";
		};
		FBB3ADD12F67A60600D7ADE3 = {
			isa = PBXGroup;
			children = (
				FB8547622F82C327007E3EC2 /* milery */,
				FB8547992F82C353007E3EC2 /* PROJECT_GUIDE.md */,
				FB85479A2F82C353007E3EC2 /* README.md */,
				FB0A20C22F8A543100405172 /* md */,
				FB8547A22F82C367007E3EC2 /* mileryTests */,
				FB0A20C42F8A55E900405172 /* MileryWidgetExtension.entitlements */,
				FB0A20AD2F8A541E00405172 /* MileryWidget */,
				FB0A20A82F8A541E00405172 /* Frameworks */,
			);
			sourceTree = "<group>";
		};
/* End PBXGroup section */

/* Begin PBXNativeTarget section */
		FB0A20A62F8A541E00405172 /* MileryWidgetExtension */ = {
			isa = PBXNativeTarget;
			buildConfigurationList = FB0A20BD2F8A541F00405172 /* Build configuration list for PBXNativeTarget "MileryWidgetExtension" */;
			buildPhases = (
				FB0A20A32F8A541E00405172 /* Sources */,
				FB0A20A42F8A541E00405172 /* Frameworks */,
				FB0A20A52F8A541E00405172 /* Resources */,
			);
			buildRules = (
			);
			dependencies = (
			);
			fileSystemSynchronizedGroups = (
				FB0A20AD2F8A541E00405172 /* MileryWidget */,
			);
			name = MileryWidgetExtension;
			packageProductDependencies = (
			);
			productName = MileryWidgetExtension;
			productReference = FB0A20A72F8A541E00405172 /* MileryWidgetExtension.appex */;
			productType = "com.apple.product-type.app-extension";
		};
		FB900D012F90000100AAAAAA /* mileryTests */ = {
			isa = PBXNativeTarget;
			buildConfigurationList = FB901D012F90000100AAAAAA /* Build configuration list for PBXNativeTarget "mileryTests" */;
			buildPhases = (
				FB900E012F90000100AAAAAA /* Sources */,
				FB900E022F90000100AAAAAA /* Frameworks */,
			);
			buildRules = (
			);
			dependencies = (
				FB901B012F90000100AAAAAA /* PBXTargetDependency */,
			);
			name = mileryTests;
			packageProductDependencies = (
			);
			productName = mileryTests;
			productReference = FB8547A92F840CD7007E3EC2 /* mileryTests.xctest */;
			productType = "com.apple.product-type.bundle.unit-test";
		};
		FBB3ADD92F67A60600D7ADE3 /* milery */ = {
			isa = PBXNativeTarget;
			buildConfigurationList = FBB3ADE52F67A60700D7ADE3 /* Build configuration list for PBXNativeTarget "milery" */;
			buildPhases = (
				FBB3ADD62F67A60600D7ADE3 /* Sources */,
				FBB3ADD72F67A60600D7ADE3 /* Frameworks */,
				FBB3ADD82F67A60600D7ADE3 /* Resources */,
				FB0A20C02F8A541F00405172 /* Embed Foundation Extensions */,
			);
			buildRules = (
			);
			dependencies = (
				FB0A20BA2F8A541F00405172 /* PBXTargetDependency */,
			);
			name = milery;
			packageProductDependencies = (
			);
			productName = "73app-mid";
			productReference = FB8547A82F82C468007E3EC2 /* milery.app */;
			productType = "com.apple.product-type.application";
		};
/* End PBXNativeTarget section */

/* Begin PBXProject section */
		FBB3ADD22F67A60600D7ADE3 /* Project object */ = {
			isa = PBXProject;
			attributes = {
				BuildIndependentTargetsInParallel = 1;
				LastSwiftUpdateCheck = 2630;
				LastUpgradeCheck = 2630;
				TargetAttributes = {
					FB0A20A62F8A541E00405172 = {
						CreatedOnToolsVersion = 26.3;
					};
					FBB3ADD92F67A60600D7ADE3 = {
						CreatedOnToolsVersion = 26.3;
					};
				};
			};
			buildConfigurationList = FBB3ADD52F67A60600D7ADE3 /* Build configuration list for PBXProject "milery" */;
			developmentRegion = en;
			hasScannedForEncodings = 0;
			knownRegions = (
				en,
				Base,
			);
			mainGroup = FBB3ADD12F67A60600D7ADE3;
			minimizedProjectReferenceProxies = 1;
			preferredProjectObjectVersion = 77;
			productRefGroup = FBB3ADD12F67A60600D7ADE3;
			projectDirPath = "";
			projectRoot = "";
			targets = (
				FBB3ADD92F67A60600D7ADE3 /* milery */,
				FB900D012F90000100AAAAAA /* mileryTests */,
				FB0A20A62F8A541E00405172 /* MileryWidgetExtension */,
			);
		};
/* End PBXProject section */

/* Begin PBXResourcesBuildPhase section */
		FB0A20A52F8A541E00405172 /* Resources */ = {
			isa = PBXResourcesBuildPhase;
			buildActionMask = 2147483647;
			files = (
			);
			runOnlyForDeploymentPostprocessing = 0;
		};
		FBB3ADD82F67A60600D7ADE3 /* Resources */ = {
			isa = PBXResourcesBuildPhase;
			buildActionMask = 2147483647;
			files = (
				FB8547922F82C327007E3EC2 /* airports.csv in Resources */,
				FB85479B2F82C353007E3EC2 /* README.md in Resources */,
				FB85479C2F82C353007E3EC2 /* PROJECT_GUIDE.md in Resources */,
				FB8547932F82C327007E3EC2 /* AppIcon-Dark-1-60@2x.png in Resources */,
				FB0A20C62F8CF45900405172 /* Friend_System_Roadmap.md in Resources */,
				FB8547942F82C327007E3EC2 /* AppIcon-Blue-1-60@3x.png in Resources */,
				FB8547952F82C327007E3EC2 /* AppIcon-Dark-1-60@3x.png in Resources */,
				FB0A20C32F8A543100405172 /* HAPTIC_FEEDBACK_GUIDE.md in Resources */,
				FB8547972F82C327007E3EC2 /* Assets.xcassets in Resources */,
				FB8547982F82C327007E3EC2 /* AppIcon-Blue-1-60@2x.png in Resources */,
			);
			runOnlyForDeploymentPostprocessing = 0;
		};
/* End PBXResourcesBuildPhase section */

/* Begin PBXSourcesBuildPhase section */
		FB0A20A32F8A541E00405172 /* Sources */ = {
			isa = PBXSourcesBuildPhase;
			buildActionMask = 2147483647;
			files = (
			);
			runOnlyForDeploymentPostprocessing = 0;
		};
		FB900E012F90000100AAAAAA /* Sources */ = {
			isa = PBXSourcesBuildPhase;
			buildActionMask = 2147483647;
			files = (
				FB8547A32F82C367007E3EC2 /* FlightCalculatorTests.swift in Sources */,
				FB8547A42F82C367007E3EC2 /* FlightGoalTests.swift in Sources */,
				FB8547A52F82C367007E3EC2 /* CreditCardRuleTests.swift in Sources */,
				FB8547A62F82C367007E3EC2 /* MileageAccountTests.swift in Sources */,
				FB8547A72F82C367007E3EC2 /* AirportDatabaseTests.swift in Sources */,
			);
			runOnlyForDeploymentPostprocessing = 0;
		};
		FBB3ADD62F67A60600D7ADE3 /* Sources */ = {
			isa = PBXSourcesBuildPhase;
			buildActionMask = 2147483647;
			files = (
				FB8547632F82C327007E3EC2 /* MainTabView.swift in Sources */,
				FB8547642F82C327007E3EC2 /* MileageViewModel.swift in Sources */,
				FB9314562F89730D009F4A81 /* ProfileEditView.swift in Sources */,
				FB8547652F82C327007E3EC2 /* CloudBackupService.swift in Sources */,
				FB9314542F8972F0009F4A81 /* ProfileAvatarView.swift in Sources */,
				FB8547662F82C327007E3EC2 /* NotificationSettingsView.swift in Sources */,
				FB8547672F82C327007E3EC2 /* MileageProgram.swift in Sources */,
				FB8547682F82C327007E3EC2 /* RedeemedTicket.swift in Sources */,
				FB8547692F82C327007E3EC2 /* MileageViewModel+Program.swift in Sources */,
				FB85476A2F82C327007E3EC2 /* SettingsView.swift in Sources */,
				FB85476B2F82C327007E3EC2 /* DataManagementView.swift in Sources */,
				FB8547AF2F8638CA007E3EC2 /* AppLockView.swift in Sources */,
				FB85476C2F82C327007E3EC2 /* CalculatorComponents.swift in Sources */,
				FB85476D2F82C327007E3EC2 /* CreditCardPageView.swift in Sources */,
				FB85476E2F82C327007E3EC2 /* CreditCardRule.swift in Sources */,
				FB85476F2F82C327007E3EC2 /* LedgerView.swift in Sources */,
				FB8547702F82C327007E3EC2 /* TransactionFormView.swift in Sources */,
				FB8547712F82C327007E3EC2 /* MileryApp.swift in Sources */,
				FB8547722F82C327007E3EC2 /* MilestonesView.swift in Sources */,
				FB8547732F82C327007E3EC2 /* AppIconPickerView.swift in Sources */,
				FB8547742F82C327007E3EC2 /* CalculatorLedgerView.swift in Sources */,
				FB8547752F82C327007E3EC2 /* AirportListView.swift in Sources */,
				FB8547762F82C327007E3EC2 /* ConsoleLogView.swift in Sources */,
				FBEACD902F865DDF008B6847 /* AppLockSettingsView.swift in Sources */,
				FBEACD912F865DDF008B6847 /* ProgramSwitcherView.swift in Sources */,
				FBEACD922F865DDF008B6847 /* FriendsView.swift in Sources */,
				FB8547772F82C327007E3EC2 /* CathayUnitedBankCard.swift in Sources */,
				FB8547782F82C327007E3EC2 /* TabVisibilitySettingsView.swift in Sources */,
				FB8547792F82C327007E3EC2 /* AllGoalsView.swift in Sources */,
				FB85477A2F82C327007E3EC2 /* DeveloperAccessService.swift in Sources */,
				FB85477B2F82C327007E3EC2 /* CardBrandDefinition.swift in Sources */,
				FB9314522F8972E5009F4A81 /* ProfileService.swift in Sources */,
				FB85477C2F82C327007E3EC2 /* BackgroundPickerView.swift in Sources */,
				FB85477D2F82C327007E3EC2 /* MileageViewModel+Card.swift in Sources */,
				FB85477E2F82C327007E3EC2 /* CardBrandRegistry.swift in Sources */,
				FB85477F2F82C327007E3EC2 /* TaishinCathayCard.swift in Sources */,
				FB8547802F82C327007E3EC2 /* AirportDatabase.swift in Sources */,
				FB8547812F82C327007E3EC2 /* OnboardingView.swift in Sources */,
				FB8547822F82C327007E3EC2 /* BackgroundImageManager.swift in Sources */,
				FB8547832F82C327007E3EC2 /* CloudBackupView.swift in Sources */,
				FB8547842F82C327007E3EC2 /* ProgressView.swift in Sources */,
				FB8547852F82C327007E3EC2 /* MileageAccount.swift in Sources */,
				FB8547862F82C327007E3EC2 /* CathayAwardChart.swift in Sources */,
				FB8547872F82C327007E3EC2 /* MileageViewModel+Transaction.swift in Sources */,
				FB8547B32F86582A007E3EC2 /* FriendService.swift in Sources */,
				FB8547882F82C327007E3EC2 /* AppBackgroundView.swift in Sources */,
				FB0A20CA2F8E19DF00405172 /* DashboardView.swift in Sources */,
				FB8547892F82C327007E3EC2 /* NEW_DashboardView.swift in Sources */,
				FB85478A2F82C327007E3EC2 /* FlightGoal.swift in Sources */,
				FB8547AD2F8638AD007E3EC2 /* AppLockService.swift in Sources */,
				FB8547AB2F8614EC007E3EC2 /* SolidColorDefinition.swift in Sources */,
				FB85478B2F82C327007E3EC2 /* MileageViewModel+Sync.swift in Sources */,
				FB85478C2F82C327007E3EC2 /* AviationTheme.swift in Sources */,
				FB85478D2F82C327007E3EC2 /* Transaction.swift in Sources */,
				FB85478E2F82C327007E3EC2 /* CardPreference.swift in Sources */,
				FB85478F2F82C327007E3EC2 /* CloudKitAdvancedView.swift in Sources */,
				FB8547912F82C327007E3EC2 /* EditTransactionView.swift in Sources */,
			);
			runOnlyForDeploymentPostprocessing = 0;
		};
/* End PBXSourcesBuildPhase section */

/* Begin PBXTargetDependency section */
		FB0A20BA2F8A541F00405172 /* PBXTargetDependency */ = {
			isa = PBXTargetDependency;
			target = FB0A20A62F8A541E00405172 /* MileryWidgetExtension */;
			targetProxy = FB0A20B92F8A541F00405172 /* PBXContainerItemProxy */;
		};
		FB901B012F90000100AAAAAA /* PBXTargetDependency */ = {
			isa = PBXTargetDependency;
			target = FBB3ADD92F67A60600D7ADE3 /* milery */;
			targetProxy = FB901A012F90000100AAAAAA /* PBXContainerItemProxy */;
		};
/* End PBXTargetDependency section */

/* Begin XCBuildConfiguration section */
		FB0A20BE2F8A541F00405172 /* Debug */ = {
			isa = XCBuildConfiguration;
			buildSettings = {
				ASSETCATALOG_COMPILER_GLOBAL_ACCENT_COLOR_NAME = AccentColor;
				ASSETCATALOG_COMPILER_WIDGET_BACKGROUND_COLOR_NAME = WidgetBackground;
				CODE_SIGN_ENTITLEMENTS = MileryWidgetExtension.entitlements;
				CODE_SIGN_STYLE = Automatic;
				CURRENT_PROJECT_VERSION = 1;
				DEVELOPMENT_TEAM = 45SQT63B67;
				GENERATE_INFOPLIST_FILE = YES;
				INFOPLIST_FILE = MileryWidget/Info.plist;
				INFOPLIST_KEY_CFBundleDisplayName = MileryWidget;
				INFOPLIST_KEY_NSHumanReadableCopyright = "";
				LD_RUNPATH_SEARCH_PATHS = (
					"$(inherited)",
					"@executable_path/Frameworks",
					"@executable_path/../../Frameworks",
				);
				MARKETING_VERSION = 1.0;
				PRODUCT_BUNDLE_IDENTIFIER = com.73app.milery.MileryWidget;
				PRODUCT_NAME = "$(TARGET_NAME)";
				SKIP_INSTALL = YES;
				STRING_CATALOG_GENERATE_SYMBOLS = YES;
				SWIFT_APPROACHABLE_CONCURRENCY = YES;
				SWIFT_EMIT_LOC_STRINGS = YES;
				SWIFT_UPCOMING_FEATURE_MEMBER_IMPORT_VISIBILITY = YES;
				SWIFT_VERSION = 5.0;
				TARGETED_DEVICE_FAMILY = "1,2";
			};
			name = Debug;
		};
		FB0A20BF2F8A541F00405172 /* Release */ = {
			isa = XCBuildConfiguration;
			buildSettings = {
				ASSETCATALOG_COMPILER_GLOBAL_ACCENT_COLOR_NAME = AccentColor;
				ASSETCATALOG_COMPILER_WIDGET_BACKGROUND_COLOR_NAME = WidgetBackground;
				CODE_SIGN_ENTITLEMENTS = MileryWidgetExtension.entitlements;
				CODE_SIGN_STYLE = Automatic;
				CURRENT_PROJECT_VERSION = 1;
				DEVELOPMENT_TEAM = 45SQT63B67;
				GENERATE_INFOPLIST_FILE = YES;
				INFOPLIST_FILE = MileryWidget/Info.plist;
				INFOPLIST_KEY_CFBundleDisplayName = MileryWidget;
				INFOPLIST_KEY_NSHumanReadableCopyright = "";
				LD_RUNPATH_SEARCH_PATHS = (
					"$(inherited)",
					"@executable_path/Frameworks",
					"@executable_path/../../Frameworks",
				);
				MARKETING_VERSION = 1.0;
				PRODUCT_BUNDLE_IDENTIFIER = com.73app.milery.MileryWidget;
				PRODUCT_NAME = "$(TARGET_NAME)";
				SKIP_INSTALL = YES;
				STRING_CATALOG_GENERATE_SYMBOLS = YES;
				SWIFT_APPROACHABLE_CONCURRENCY = YES;
				SWIFT_EMIT_LOC_STRINGS = YES;
				SWIFT_UPCOMING_FEATURE_MEMBER_IMPORT_VISIBILITY = YES;
				SWIFT_VERSION = 5.0;
				TARGETED_DEVICE_FAMILY = "1,2";
			};
			name = Release;
		};
		FB901C012F90000100AAAAAA /* Debug */ = {
			isa = XCBuildConfiguration;
			buildSettings = {
				BUNDLE_LOADER = "$(TEST_HOST)";
				CODE_SIGN_STYLE = Automatic;
				CURRENT_PROJECT_VERSION = 1;
				DEVELOPMENT_TEAM = 45SQT63B67;
				GENERATE_INFOPLIST_FILE = YES;
				IPHONEOS_DEPLOYMENT_TARGET = 26.0;
				LD_RUNPATH_SEARCH_PATHS = (
					"$(inherited)",
					"@executable_path/Frameworks",
					"@loader_path/Frameworks",
				);
				MARKETING_VERSION = 1.0;
				PRODUCT_BUNDLE_IDENTIFIER = com.73app.mileryTests;
				PRODUCT_NAME = "$(TARGET_NAME)";
				SUPPORTED_PLATFORMS = "iphoneos iphonesimulator";
				SUPPORTS_MACCATALYST = NO;
				SWIFT_APPROACHABLE_CONCURRENCY = YES;
				SWIFT_DEFAULT_ACTOR_ISOLATION = MainActor;
				SWIFT_EMIT_LOC_STRINGS = NO;
				SWIFT_VERSION = 5.0;
				TARGETED_DEVICE_FAMILY = 1;
				TEST_HOST = "$(BUILT_PRODUCTS_DIR)/milery.app/$(BUNDLE_EXECUTABLE_FOLDER_PATH)/milery";
			};
			name = Debug;
		};
		FB901C022F90000100AAAAAA /* Release */ = {
			isa = XCBuildConfiguration;
			buildSettings = {
				BUNDLE_LOADER = "$(TEST_HOST)";
				CODE_SIGN_STYLE = Automatic;
				CURRENT_PROJECT_VERSION = 1;
				DEVELOPMENT_TEAM = 45SQT63B67;
				GENERATE_INFOPLIST_FILE = YES;
				IPHONEOS_DEPLOYMENT_TARGET = 26.0;
				LD_RUNPATH_SEARCH_PATHS = (
					"$(inherited)",
					"@executable_path/Frameworks",
					"@loader_path/Frameworks",
				);
				MARKETING_VERSION = 1.0;
				PRODUCT_BUNDLE_IDENTIFIER = com.73app.mileryTests;
				PRODUCT_NAME = "$(TARGET_NAME)";
				SUPPORTED_PLATFORMS = "iphoneos iphonesimulator";
				SUPPORTS_MACCATALYST = NO;
				SWIFT_APPROACHABLE_CONCURRENCY = YES;
				SWIFT_DEFAULT_ACTOR_ISOLATION = MainActor;
				SWIFT_EMIT_LOC_STRINGS = NO;
				SWIFT_VERSION = 5.0;
				TARGETED_DEVICE_FAMILY = 1;
				TEST_HOST = "$(BUILT_PRODUCTS_DIR)/milery.app/$(BUNDLE_EXECUTABLE_FOLDER_PATH)/milery";
			};
			name = Release;
		};
		FBB3ADE32F67A60700D7ADE3 /* Debug */ = {
			isa = XCBuildConfiguration;
			buildSettings = {
				ALWAYS_SEARCH_USER_PATHS = NO;
				ASSETCATALOG_COMPILER_GENERATE_SWIFT_ASSET_SYMBOL_EXTENSIONS = YES;
				CLANG_ANALYZER_NONNULL = YES;
				CLANG_ANALYZER_NUMBER_OBJECT_CONVERSION = YES_AGGRESSIVE;
				CLANG_CXX_LANGUAGE_STANDARD = "gnu++20";
				CLANG_ENABLE_MODULES = YES;
				CLANG_ENABLE_OBJC_ARC = YES;
				CLANG_ENABLE_OBJC_WEAK = YES;
				CLANG_WARN_BLOCK_CAPTURE_AUTORELEASING = YES;
				CLANG_WARN_BOOL_CONVERSION = YES;
				CLANG_WARN_COMMA = YES;
				CLANG_WARN_CONSTANT_CONVERSION = YES;
				CLANG_WARN_DEPRECATED_OBJC_IMPLEMENTATIONS = YES;
				CLANG_WARN_DIRECT_OBJC_ISA_USAGE = YES_ERROR;
				CLANG_WARN_DOCUMENTATION_COMMENTS = YES;
				CLANG_WARN_EMPTY_BODY = YES;
				CLANG_WARN_ENUM_CONVERSION = YES;
				CLANG_WARN_INFINITE_RECURSION = YES;
				CLANG_WARN_INT_CONVERSION = YES;
				CLANG_WARN_NON_LITERAL_NULL_CONVERSION = YES;
				CLANG_WARN_OBJC_IMPLICIT_RETAIN_SELF = YES;
				CLANG_WARN_OBJC_LITERAL_CONVERSION = YES;
				CLANG_WARN_OBJC_ROOT_CLASS = YES_ERROR;
				CLANG_WARN_QUOTED_INCLUDE_IN_FRAMEWORK_HEADER = YES;
				CLANG_WARN_RANGE_LOOP_ANALYSIS = YES;
				CLANG_WARN_STRICT_PROTOTYPES = YES;
				CLANG_WARN_SUSPICIOUS_MOVE = YES;
				CLANG_WARN_UNGUARDED_AVAILABILITY = YES_AGGRESSIVE;
				CLANG_WARN_UNREACHABLE_CODE = YES;
				CLANG_WARN__DUPLICATE_METHOD_MATCH = YES;
				COPY_PHASE_STRIP = NO;
				DEBUG_INFORMATION_FORMAT = dwarf;
				DEVELOPMENT_TEAM = 45SQT63B67;
				ENABLE_STRICT_OBJC_MSGSEND = YES;
				ENABLE_TESTABILITY = YES;
				ENABLE_USER_SCRIPT_SANDBOXING = YES;
				GCC_C_LANGUAGE_STANDARD = gnu17;
				GCC_DYNAMIC_NO_PIC = NO;
				GCC_NO_COMMON_BLOCKS = YES;
				GCC_OPTIMIZATION_LEVEL = 0;
				GCC_PREPROCESSOR_DEFINITIONS = (
					"DEBUG=1",
					"$(inherited)",
				);
				GCC_WARN_64_TO_32_BIT_CONVERSION = YES;
				GCC_WARN_ABOUT_RETURN_TYPE = YES_ERROR;
				GCC_WARN_UNDECLARED_SELECTOR = YES;
				GCC_WARN_UNINITIALIZED_AUTOS = YES_AGGRESSIVE;
				GCC_WARN_UNUSED_FUNCTION = YES;
				GCC_WARN_UNUSED_VARIABLE = YES;
				IPHONEOS_DEPLOYMENT_TARGET = 26.2;
				LOCALIZATION_PREFERS_STRING_CATALOGS = YES;
				MTL_ENABLE_DEBUG_INFO = INCLUDE_SOURCE;
				MTL_FAST_MATH = YES;
				ONLY_ACTIVE_ARCH = YES;
				SDKROOT = iphoneos;
				SWIFT_ACTIVE_COMPILATION_CONDITIONS = "DEBUG $(inherited)";
				SWIFT_OPTIMIZATION_LEVEL = "-Onone";
			};
			name = Debug;
		};
		FBB3ADE42F67A60700D7ADE3 /* Release */ = {
			isa = XCBuildConfiguration;
			buildSettings = {
				ALWAYS_SEARCH_USER_PATHS = NO;
				ASSETCATALOG_COMPILER_GENERATE_SWIFT_ASSET_SYMBOL_EXTENSIONS = YES;
				CLANG_ANALYZER_NONNULL = YES;
				CLANG_ANALYZER_NUMBER_OBJECT_CONVERSION = YES_AGGRESSIVE;
				CLANG_CXX_LANGUAGE_STANDARD = "gnu++20";
				CLANG_ENABLE_MODULES = YES;
				CLANG_ENABLE_OBJC_ARC = YES;
				CLANG_ENABLE_OBJC_WEAK = YES;
				CLANG_WARN_BLOCK_CAPTURE_AUTORELEASING = YES;
				CLANG_WARN_BOOL_CONVERSION = YES;
				CLANG_WARN_COMMA = YES;
				CLANG_WARN_CONSTANT_CONVERSION = YES;
				CLANG_WARN_DEPRECATED_OBJC_IMPLEMENTATIONS = YES;
				CLANG_WARN_DIRECT_OBJC_ISA_USAGE = YES_ERROR;
				CLANG_WARN_DOCUMENTATION_COMMENTS = YES;
				CLANG_WARN_EMPTY_BODY = YES;
				CLANG_WARN_ENUM_CONVERSION = YES;
				CLANG_WARN_INFINITE_RECURSION = YES;
				CLANG_WARN_INT_CONVERSION = YES;
				CLANG_WARN_NON_LITERAL_NULL_CONVERSION = YES;
				CLANG_WARN_OBJC_IMPLICIT_RETAIN_SELF = YES;
				CLANG_WARN_OBJC_LITERAL_CONVERSION = YES;
				CLANG_WARN_OBJC_ROOT_CLASS = YES_ERROR;
				CLANG_WARN_QUOTED_INCLUDE_IN_FRAMEWORK_HEADER = YES;
				CLANG_WARN_RANGE_LOOP_ANALYSIS = YES;
				CLANG_WARN_STRICT_PROTOTYPES = YES;
				CLANG_WARN_SUSPICIOUS_MOVE = YES;
				CLANG_WARN_UNGUARDED_AVAILABILITY = YES_AGGRESSIVE;
				CLANG_WARN_UNREACHABLE_CODE = YES;
				CLANG_WARN__DUPLICATE_METHOD_MATCH = YES;
				COPY_PHASE_STRIP = NO;
				DEBUG_INFORMATION_FORMAT = "dwarf-with-dsym";
				DEVELOPMENT_TEAM = 45SQT63B67;
				ENABLE_NS_ASSERTIONS = NO;
				ENABLE_STRICT_OBJC_MSGSEND = YES;
				ENABLE_USER_SCRIPT_SANDBOXING = YES;
				GCC_C_LANGUAGE_STANDARD = gnu17;
				GCC_NO_COMMON_BLOCKS = YES;
				GCC_WARN_64_TO_32_BIT_CONVERSION = YES;
				GCC_WARN_ABOUT_RETURN_TYPE = YES_ERROR;
				GCC_WARN_UNDECLARED_SELECTOR = YES;
				GCC_WARN_UNINITIALIZED_AUTOS = YES_AGGRESSIVE;
				GCC_WARN_UNUSED_FUNCTION = YES;
				GCC_WARN_UNUSED_VARIABLE = YES;
				IPHONEOS_DEPLOYMENT_TARGET = 26.2;
				LOCALIZATION_PREFERS_STRING_CATALOGS = YES;
				MTL_ENABLE_DEBUG_INFO = NO;
				MTL_FAST_MATH = YES;
				SDKROOT = iphoneos;
				SWIFT_COMPILATION_MODE = wholemodule;
				VALIDATE_PRODUCT = YES;
			};
			name = Release;
		};
		FBB3ADE62F67A60700D7ADE3 /* Debug */ = {
			isa = XCBuildConfiguration;
			buildSettings = {
				ASSETCATALOG_COMPILER_APPICON_NAME = AppIcon;
				ASSETCATALOG_COMPILER_GLOBAL_ACCENT_COLOR_NAME = AccentColor;
				ASSETCATALOG_COMPILER_INCLUDE_ALL_APPICON_ASSETS = YES;
				CODE_SIGN_ENTITLEMENTS = milery/milery.entitlements;
				CODE_SIGN_STYLE = Automatic;
				CURRENT_PROJECT_VERSION = 45;
				DEVELOPMENT_TEAM = 45SQT63B67;
				ENABLE_PREVIEWS = YES;
				GENERATE_INFOPLIST_FILE = YES;
				INFOPLIST_FILE = "milery/milery-Info.plist";
				INFOPLIST_KEY_CFBundleDisplayName = milery;
				INFOPLIST_KEY_LSApplicationCategoryType = "public.app-category.travel";
				INFOPLIST_KEY_UIApplicationSceneManifest_Generation = YES;
				INFOPLIST_KEY_UIApplicationSupportsIndirectInputEvents = YES;
				INFOPLIST_KEY_UILaunchScreen_Generation = YES;
				INFOPLIST_KEY_UISupportedInterfaceOrientations = UIInterfaceOrientationPortrait;
				INFOPLIST_KEY_UISupportedInterfaceOrientations_iPad = "UIInterfaceOrientationLandscapeLeft UIInterfaceOrientationLandscapeRight UIInterfaceOrientationPortrait UIInterfaceOrientationPortraitUpsideDown";
				IPHONEOS_DEPLOYMENT_TARGET = 26.0;
				LD_RUNPATH_SEARCH_PATHS = (
					"$(inherited)",
					"@executable_path/Frameworks",
				);
				MARKETING_VERSION = 0.0.15;
				PRODUCT_BUNDLE_IDENTIFIER = com.73app.milery;
				PRODUCT_NAME = "$(TARGET_NAME)";
				STRING_CATALOG_GENERATE_SYMBOLS = YES;
				SUPPORTED_PLATFORMS = "iphoneos iphonesimulator";
				SUPPORTS_MACCATALYST = NO;
				SWIFT_APPROACHABLE_CONCURRENCY = YES;
				SWIFT_DEFAULT_ACTOR_ISOLATION = MainActor;
				SWIFT_EMIT_LOC_STRINGS = YES;
				SWIFT_UPCOMING_FEATURE_MEMBER_IMPORT_VISIBILITY = YES;
				SWIFT_VERSION = 5.0;
				TARGETED_DEVICE_FAMILY = 1;
			};
			name = Debug;
		};
		FBB3ADE72F67A60700D7ADE3 /* Release */ = {
			isa = XCBuildConfiguration;
			buildSettings = {
				ASSETCATALOG_COMPILER_APPICON_NAME = AppIcon;
				ASSETCATALOG_COMPILER_GLOBAL_ACCENT_COLOR_NAME = AccentColor;
				ASSETCATALOG_COMPILER_INCLUDE_ALL_APPICON_ASSETS = YES;
				CODE_SIGN_ENTITLEMENTS = milery/milery.entitlements;
				CODE_SIGN_STYLE = Automatic;
				CURRENT_PROJECT_VERSION = 45;
				DEVELOPMENT_TEAM = 45SQT63B67;
				ENABLE_PREVIEWS = YES;
				GENERATE_INFOPLIST_FILE = YES;
				INFOPLIST_FILE = "milery/milery-Info.plist";
				INFOPLIST_KEY_CFBundleDisplayName = milery;
				INFOPLIST_KEY_LSApplicationCategoryType = "public.app-category.travel";
				INFOPLIST_KEY_UIApplicationSceneManifest_Generation = YES;
				INFOPLIST_KEY_UIApplicationSupportsIndirectInputEvents = YES;
				INFOPLIST_KEY_UILaunchScreen_Generation = YES;
				INFOPLIST_KEY_UISupportedInterfaceOrientations = UIInterfaceOrientationPortrait;
				INFOPLIST_KEY_UISupportedInterfaceOrientations_iPad = "UIInterfaceOrientationLandscapeLeft UIInterfaceOrientationLandscapeRight UIInterfaceOrientationPortrait UIInterfaceOrientationPortraitUpsideDown";
				IPHONEOS_DEPLOYMENT_TARGET = 26.0;
				LD_RUNPATH_SEARCH_PATHS = (
					"$(inherited)",
					"@executable_path/Frameworks",
				);
				MARKETING_VERSION = 0.0.15;
				PRODUCT_BUNDLE_IDENTIFIER = com.73app.milery;
				PRODUCT_NAME = "$(TARGET_NAME)";
				STRING_CATALOG_GENERATE_SYMBOLS = YES;
				SUPPORTED_PLATFORMS = "iphoneos iphonesimulator";
				SUPPORTS_MACCATALYST = NO;
				SWIFT_APPROACHABLE_CONCURRENCY = YES;
				SWIFT_DEFAULT_ACTOR_ISOLATION = MainActor;
				SWIFT_EMIT_LOC_STRINGS = YES;
				SWIFT_UPCOMING_FEATURE_MEMBER_IMPORT_VISIBILITY = YES;
				SWIFT_VERSION = 5.0;
				TARGETED_DEVICE_FAMILY = 1;
			};
			name = Release;
		};
/* End XCBuildConfiguration section */

/* Begin XCConfigurationList section */
		FB0A20BD2F8A541F00405172 /* Build configuration list for PBXNativeTarget "MileryWidgetExtension" */ = {
			isa = XCConfigurationList;
			buildConfigurations = (
				FB0A20BE2F8A541F00405172 /* Debug */,
				FB0A20BF2F8A541F00405172 /* Release */,
			);
			defaultConfigurationIsVisible = 0;
			defaultConfigurationName = Release;
		};
		FB901D012F90000100AAAAAA /* Build configuration list for PBXNativeTarget "mileryTests" */ = {
			isa = XCConfigurationList;
			buildConfigurations = (
				FB901C012F90000100AAAAAA /* Debug */,
				FB901C022F90000100AAAAAA /* Release */,
			);
			defaultConfigurationIsVisible = 0;
			defaultConfigurationName = Release;
		};
		FBB3ADD52F67A60600D7ADE3 /* Build configuration list for PBXProject "milery" */ = {
			isa = XCConfigurationList;
			buildConfigurations = (
				FBB3ADE32F67A60700D7ADE3 /* Debug */,
				FBB3ADE42F67A60700D7ADE3 /* Release */,
			);
			defaultConfigurationIsVisible = 0;
			defaultConfigurationName = Release;
		};
		FBB3ADE52F67A60700D7ADE3 /* Build configuration list for PBXNativeTarget "milery" */ = {
			isa = XCConfigurationList;
			buildConfigurations = (
				FBB3ADE62F67A60700D7ADE3 /* Debug */,
				FBB3ADE72F67A60700D7ADE3 /* Release */,
			);
			defaultConfigurationIsVisible = 0;
			defaultConfigurationName = Release;
		};
/* End XCConfigurationList section */
	};
	rootObject = FBB3ADD22F67A60600D7ADE3 /* Project object */;
}
